// !$*UTF8*$!
{
	archiveVersion = 1;
	classes = {
	};
	objectVersion = 46;
	objects = {

/* Begin PBXBuildFile section */
		900F3F54169537C6007A8986 /* Icon-72.png in Resources */ = {isa = PBXBuildFile; fileRef = 900F3F4A169537C6007A8986 /* Icon-72.png */; };
		900F3F55169537C6007A8986 /* Icon-72@2x.png in Resources */ = {isa = PBXBuildFile; fileRef = 900F3F4B169537C6007A8986 /* Icon-72@2x.png */; };
		900F3F56169537C6007A8986 /* Icon-Small-50.png in Resources */ = {isa = PBXBuildFile; fileRef = 900F3F4C169537C6007A8986 /* Icon-Small-50.png */; };
		900F3F57169537C6007A8986 /* Icon-Small-50@2x.png in Resources */ = {isa = PBXBuildFile; fileRef = 900F3F4D169537C6007A8986 /* Icon-Small-50@2x.png */; };
		900F3F58169537C6007A8986 /* Icon-Small.png in Resources */ = {isa = PBXBuildFile; fileRef = 900F3F4E169537C6007A8986 /* Icon-Small.png */; };
		900F3F59169537C6007A8986 /* Icon-Small@2x.png in Resources */ = {isa = PBXBuildFile; fileRef = 900F3F4F169537C6007A8986 /* Icon-Small@2x.png */; };
		900F3F5A169537C6007A8986 /* Icon.png in Resources */ = {isa = PBXBuildFile; fileRef = 900F3F50169537C6007A8986 /* Icon.png */; };
		900F3F5B169537C6007A8986 /* Icon@2x.png in Resources */ = {isa = PBXBuildFile; fileRef = 900F3F51169537C6007A8986 /* Icon@2x.png */; };
		900F3F5C169537C6007A8986 /* iTunesArtwork.png in Resources */ = {isa = PBXBuildFile; fileRef = 900F3F52169537C6007A8986 /* iTunesArtwork.png */; };
		900F3F5D169537C6007A8986 /* iTunesArtwork@2x.png in Resources */ = {isa = PBXBuildFile; fileRef = 900F3F53169537C6007A8986 /* iTunesArtwork@2x.png */; };
		900F3F6016953831007A8986 /* Icon.png in Resources */ = {isa = PBXBuildFile; fileRef = 900F3F5F16953831007A8986 /* Icon.png */; };
		900F3F621695383D007A8986 /* Icon@2x.png in Resources */ = {isa = PBXBuildFile; fileRef = 900F3F611695383D007A8986 /* Icon@2x.png */; };
		900F3F6416953862007A8986 /* Default.png in Resources */ = {isa = PBXBuildFile; fileRef = 900F3F6316953862007A8986 /* Default.png */; };
		900FE4D416ACE91D001F08D0 /* Build.m in Sources */ = {isa = PBXBuildFile; fileRef = 900FE4D316ACE91D001F08D0 /* Build.m */; };
		9013C7C3162CEACF00C5ACA4 /* CaptureViewController.m in Sources */ = {isa = PBXBuildFile; fileRef = 9013C7C1162CEACF00C5ACA4 /* CaptureViewController.m */; };
		9013C7C4162CEACF00C5ACA4 /* CaptureViewController.xib in Resources */ = {isa = PBXBuildFile; fileRef = 9013C7C2162CEACF00C5ACA4 /* CaptureViewController.xib */; };
		90144C19169D1DBF0039EEA1 /* circle-up2@2x.png in Resources */ = {isa = PBXBuildFile; fileRef = 90144C17169D1DBF0039EEA1 /* circle-up2@2x.png */; };
		90144C1A169D1DBF0039EEA1 /* circle-up2.png in Resources */ = {isa = PBXBuildFile; fileRef = 90144C18169D1DBF0039EEA1 /* circle-up2.png */; };
		90144C1F169D34060039EEA1 /* delete.png in Resources */ = {isa = PBXBuildFile; fileRef = 90144C1B169D34060039EEA1 /* delete.png */; };
		90144C20169D34060039EEA1 /* delete@2x.png in Resources */ = {isa = PBXBuildFile; fileRef = 90144C1C169D34060039EEA1 /* delete@2x.png */; };
		90144C21169D34060039EEA1 /* deletepressed.png in Resources */ = {isa = PBXBuildFile; fileRef = 90144C1D169D34060039EEA1 /* deletepressed.png */; };
		90144C22169D34060039EEA1 /* deletepressed@2x.png in Resources */ = {isa = PBXBuildFile; fileRef = 90144C1E169D34060039EEA1 /* deletepressed@2x.png */; };
		90144C25169D38440039EEA1 /* trash@2x.png in Resources */ = {isa = PBXBuildFile; fileRef = 90144C23169D38440039EEA1 /* trash@2x.png */; };
		90144C26169D38440039EEA1 /* trash.png in Resources */ = {isa = PBXBuildFile; fileRef = 90144C24169D38440039EEA1 /* trash.png */; };
		90144C3A169E5CD20039EEA1 /* deleteIcon@2x.png in Resources */ = {isa = PBXBuildFile; fileRef = 90144C37169E5CD20039EEA1 /* deleteIcon@2x.png */; };
		90144C3B169E5CD20039EEA1 /* editIcon.png in Resources */ = {isa = PBXBuildFile; fileRef = 90144C38169E5CD20039EEA1 /* editIcon.png */; };
		90144C3C169E5CD20039EEA1 /* editIcon@2x.png in Resources */ = {isa = PBXBuildFile; fileRef = 90144C39169E5CD20039EEA1 /* editIcon@2x.png */; };
		90144C3E169E5D240039EEA1 /* deleteIcon.png in Resources */ = {isa = PBXBuildFile; fileRef = 90144C3D169E5D240039EEA1 /* deleteIcon.png */; };
		90144C43169E69DB0039EEA1 /* add_after.png in Resources */ = {isa = PBXBuildFile; fileRef = 90144C3F169E69DB0039EEA1 /* add_after.png */; };
		90144C44169E69DB0039EEA1 /* add_after@2x.png in Resources */ = {isa = PBXBuildFile; fileRef = 90144C40169E69DB0039EEA1 /* add_after@2x.png */; };
		90144C45169E69DB0039EEA1 /* add_before.png in Resources */ = {isa = PBXBuildFile; fileRef = 90144C41169E69DB0039EEA1 /* add_before.png */; };
		90144C46169E69DB0039EEA1 /* add_before@2x.png in Resources */ = {isa = PBXBuildFile; fileRef = 90144C42169E69DB0039EEA1 /* add_before@2x.png */; };
		90144C49169E6A2D0039EEA1 /* hammer-square@2x.png in Resources */ = {isa = PBXBuildFile; fileRef = 90144C47169E6A2D0039EEA1 /* hammer-square@2x.png */; };
		90144C4A169E6A2D0039EEA1 /* hammer-square.png in Resources */ = {isa = PBXBuildFile; fileRef = 90144C48169E6A2D0039EEA1 /* hammer-square.png */; };
		90144C4C169E75890039EEA1 /* rounded_placeholderNew.png in Resources */ = {isa = PBXBuildFile; fileRef = 90144C4B169E75890039EEA1 /* rounded_placeholderNew.png */; };
		90144C55169FA4C60039EEA1 /* UIButton+Color.m in Sources */ = {isa = PBXBuildFile; fileRef = 90144C54169FA4C60039EEA1 /* UIButton+Color.m */; };
		9017240816992F2C007C37B0 /* bg_img_1.jpg in Resources */ = {isa = PBXBuildFile; fileRef = 9017240516992F2C007C37B0 /* bg_img_1.jpg */; };
		9017240916992F2C007C37B0 /* iosBG.jpg in Resources */ = {isa = PBXBuildFile; fileRef = 9017240616992F2C007C37B0 /* iosBG.jpg */; };
		9017240A16992F2C007C37B0 /* total_bg.jpg in Resources */ = {isa = PBXBuildFile; fileRef = 9017240716992F2C007C37B0 /* total_bg.jpg */; };
		9017240D169951A5007C37B0 /* background00.png in Resources */ = {isa = PBXBuildFile; fileRef = 9017240C169951A3007C37B0 /* background00.png */; };
		9017240F16995220007C37B0 /* infoBG.png in Resources */ = {isa = PBXBuildFile; fileRef = 9017240E1699521F007C37B0 /* infoBG.png */; };
		90172411169A92E7007C37B0 /* uiglassbutton-template.png in Resources */ = {isa = PBXBuildFile; fileRef = 90172410169A92E6007C37B0 /* uiglassbutton-template.png */; };
		90172413169A9752007C37B0 /* separator.png in Resources */ = {isa = PBXBuildFile; fileRef = 90172412169A9751007C37B0 /* separator.png */; };
		901BD884163E26C3008721C3 /* camera@2x.png in Resources */ = {isa = PBXBuildFile; fileRef = 901BD882163E26C3008721C3 /* camera@2x.png */; };
		901BD885163E26C3008721C3 /* clapboard@2x.png in Resources */ = {isa = PBXBuildFile; fileRef = 901BD883163E26C3008721C3 /* clapboard@2x.png */; };
		901BD888163E26DC008721C3 /* camera.png in Resources */ = {isa = PBXBuildFile; fileRef = 901BD886163E26DC008721C3 /* camera.png */; };
		901BD889163E26DC008721C3 /* clapboard.png in Resources */ = {isa = PBXBuildFile; fileRef = 901BD887163E26DC008721C3 /* clapboard.png */; };
		901BD88C163E282A008721C3 /* floppy_disc@2x.png in Resources */ = {isa = PBXBuildFile; fileRef = 901BD88A163E282A008721C3 /* floppy_disc@2x.png */; };
		901BD88D163E282A008721C3 /* folder@2x.png in Resources */ = {isa = PBXBuildFile; fileRef = 901BD88B163E282A008721C3 /* folder@2x.png */; };
		901BD890163E284A008721C3 /* floppy_disc.png in Resources */ = {isa = PBXBuildFile; fileRef = 901BD88E163E284A008721C3 /* floppy_disc.png */; };
		901BD891163E284A008721C3 /* folder.png in Resources */ = {isa = PBXBuildFile; fileRef = 901BD88F163E284A008721C3 /* folder.png */; };
		901BD893163E334C008721C3 /* plus.png in Resources */ = {isa = PBXBuildFile; fileRef = 901BD892163E334C008721C3 /* plus.png */; };
		901BD895163E336A008721C3 /* plus@2x.png in Resources */ = {isa = PBXBuildFile; fileRef = 901BD894163E336A008721C3 /* plus@2x.png */; };
		90240AF9168EA27200B68EBC /* vert.png in Resources */ = {isa = PBXBuildFile; fileRef = 90240AF8168EA27200B68EBC /* vert.png */; };
		90240AFD168F8B5A00B68EBC /* lock@2x.png in Resources */ = {isa = PBXBuildFile; fileRef = 90240AFB168F8B5A00B68EBC /* lock@2x.png */; };
		90240AFE168F8B5A00B68EBC /* lock.png in Resources */ = {isa = PBXBuildFile; fileRef = 90240AFC168F8B5A00B68EBC /* lock.png */; };
		9026EEC916801652004A63B9 /* mysteriousblue-300x45.png in Resources */ = {isa = PBXBuildFile; fileRef = 9026EEC816801652004A63B9 /* mysteriousblue-300x45.png */; };
		9026EECB16802432004A63B9 /* placeholder1.jpg in Resources */ = {isa = PBXBuildFile; fileRef = 9026EECA16802432004A63B9 /* placeholder1.jpg */; };
		9026EECD1680299D004A63B9 /* placeholder2.jpg in Resources */ = {isa = PBXBuildFile; fileRef = 9026EECC1680299D004A63B9 /* placeholder2.jpg */; };
		9026EED0168421A1004A63B9 /* HomeTableCell.m in Sources */ = {isa = PBXBuildFile; fileRef = 9026EECF168421A1004A63B9 /* HomeTableCell.m */; };
		9026EED2168421E2004A63B9 /* HomeTableCell.xib in Resources */ = {isa = PBXBuildFile; fileRef = 9026EED1168421E2004A63B9 /* HomeTableCell.xib */; };
		9029375116A1D62F00939839 /* Security.framework in Frameworks */ = {isa = PBXBuildFile; fileRef = 9029375016A1D62F00939839 /* Security.framework */; };
		9029376816A1D8C700939839 /* AFHTTPClient.m in Sources */ = {isa = PBXBuildFile; fileRef = 9029375616A1D8C700939839 /* AFHTTPClient.m */; };
		9029376916A1D8C700939839 /* AFHTTPRequestOperation.m in Sources */ = {isa = PBXBuildFile; fileRef = 9029375816A1D8C700939839 /* AFHTTPRequestOperation.m */; };
		9029376A16A1D8C700939839 /* AFImageRequestOperation.m in Sources */ = {isa = PBXBuildFile; fileRef = 9029375A16A1D8C700939839 /* AFImageRequestOperation.m */; };
		9029376B16A1D8C700939839 /* AFJSONRequestOperation.m in Sources */ = {isa = PBXBuildFile; fileRef = 9029375C16A1D8C700939839 /* AFJSONRequestOperation.m */; };
		9029376C16A1D8C700939839 /* AFNetworkActivityIndicatorManager.m in Sources */ = {isa = PBXBuildFile; fileRef = 9029375E16A1D8C700939839 /* AFNetworkActivityIndicatorManager.m */; };
		9029376D16A1D8C700939839 /* AFPropertyListRequestOperation.m in Sources */ = {isa = PBXBuildFile; fileRef = 9029376116A1D8C700939839 /* AFPropertyListRequestOperation.m */; };
		9029376E16A1D8C700939839 /* AFURLConnectionOperation.m in Sources */ = {isa = PBXBuildFile; fileRef = 9029376316A1D8C700939839 /* AFURLConnectionOperation.m */; };
		9029376F16A1D8C700939839 /* AFXMLRequestOperation.m in Sources */ = {isa = PBXBuildFile; fileRef = 9029376516A1D8C700939839 /* AFXMLRequestOperation.m */; };
		9029377016A1D8C700939839 /* UIImageView+AFNetworking.m in Sources */ = {isa = PBXBuildFile; fileRef = 9029376716A1D8C700939839 /* UIImageView+AFNetworking.m */; };
		9029377C16A232F000939839 /* LoginViewController.m in Sources */ = {isa = PBXBuildFile; fileRef = 9029377A16A232F000939839 /* LoginViewController.m */; };
		9029377D16A232F000939839 /* LoginViewController.xib in Resources */ = {isa = PBXBuildFile; fileRef = 9029377B16A232F000939839 /* LoginViewController.xib */; };
		903C38BA1623C7D1001845FE /* UIKit.framework in Frameworks */ = {isa = PBXBuildFile; fileRef = 903C38B91623C7D1001845FE /* UIKit.framework */; };
		903C38BC1623C7D1001845FE /* Foundation.framework in Frameworks */ = {isa = PBXBuildFile; fileRef = 903C38BB1623C7D1001845FE /* Foundation.framework */; };
		903C38BE1623C7D1001845FE /* CoreGraphics.framework in Frameworks */ = {isa = PBXBuildFile; fileRef = 903C38BD1623C7D1001845FE /* CoreGraphics.framework */; };
		903C38C01623C7D1001845FE /* CoreData.framework in Frameworks */ = {isa = PBXBuildFile; fileRef = 903C38BF1623C7D1001845FE /* CoreData.framework */; };
		903C38C61623C7D1001845FE /* InfoPlist.strings in Resources */ = {isa = PBXBuildFile; fileRef = 903C38C41623C7D1001845FE /* InfoPlist.strings */; };
		903C38C81623C7D1001845FE /* main.m in Sources */ = {isa = PBXBuildFile; fileRef = 903C38C71623C7D1001845FE /* main.m */; };
		903C38CC1623C7D1001845FE /* AppDelegate.m in Sources */ = {isa = PBXBuildFile; fileRef = 903C38CB1623C7D1001845FE /* AppDelegate.m */; };
		903C38CE1623C7D1001845FE /* Default.png in Resources */ = {isa = PBXBuildFile; fileRef = 903C38CD1623C7D1001845FE /* Default.png */; };
		903C38D01623C7D1001845FE /* Default@2x.png in Resources */ = {isa = PBXBuildFile; fileRef = 903C38CF1623C7D1001845FE /* Default@2x.png */; };
		903C38D21623C7D1001845FE /* Default-568h@2x.png in Resources */ = {isa = PBXBuildFile; fileRef = 903C38D11623C7D1001845FE /* Default-568h@2x.png */; };
		903C38D51623C7D1001845FE /* ITM_version_0_0_1.xcdatamodeld in Sources */ = {isa = PBXBuildFile; fileRef = 903C38D31623C7D1001845FE /* ITM_version_0_0_1.xcdatamodeld */; };
		903C38DD1623C7D1001845FE /* SenTestingKit.framework in Frameworks */ = {isa = PBXBuildFile; fileRef = 903C38DC1623C7D1001845FE /* SenTestingKit.framework */; };
		903C38DE1623C7D1001845FE /* UIKit.framework in Frameworks */ = {isa = PBXBuildFile; fileRef = 903C38B91623C7D1001845FE /* UIKit.framework */; };
		903C38DF1623C7D1001845FE /* Foundation.framework in Frameworks */ = {isa = PBXBuildFile; fileRef = 903C38BB1623C7D1001845FE /* Foundation.framework */; };
		903C38E01623C7D1001845FE /* CoreData.framework in Frameworks */ = {isa = PBXBuildFile; fileRef = 903C38BF1623C7D1001845FE /* CoreData.framework */; };
		903C38E81623C7D1001845FE /* InfoPlist.strings in Resources */ = {isa = PBXBuildFile; fileRef = 903C38E61623C7D1001845FE /* InfoPlist.strings */; };
		903C38EB1623C7D1001845FE /* ITM_version_0_0_1Tests.m in Sources */ = {isa = PBXBuildFile; fileRef = 903C38EA1623C7D1001845FE /* ITM_version_0_0_1Tests.m */; };
		903C38F91623C82C001845FE /* AssetsLibrary.framework in Frameworks */ = {isa = PBXBuildFile; fileRef = 903C38F41623C82C001845FE /* AssetsLibrary.framework */; };
		903C38FA1623C82C001845FE /* AVFoundation.framework in Frameworks */ = {isa = PBXBuildFile; fileRef = 903C38F51623C82C001845FE /* AVFoundation.framework */; };
		903C38FB1623C82C001845FE /* CFNetwork.framework in Frameworks */ = {isa = PBXBuildFile; fileRef = 903C38F61623C82C001845FE /* CFNetwork.framework */; };
		903C38FC1623C82C001845FE /* CoreImage.framework in Frameworks */ = {isa = PBXBuildFile; fileRef = 903C38F71623C82C001845FE /* CoreImage.framework */; };
		903C38FD1623C82C001845FE /* CoreMedia.framework in Frameworks */ = {isa = PBXBuildFile; fileRef = 903C38F81623C82C001845FE /* CoreMedia.framework */; };
		903C39021623C880001845FE /* MediaPlayer.framework in Frameworks */ = {isa = PBXBuildFile; fileRef = 903C38FE1623C880001845FE /* MediaPlayer.framework */; };
		903C39031623C880001845FE /* MobileCoreServices.framework in Frameworks */ = {isa = PBXBuildFile; fileRef = 903C38FF1623C880001845FE /* MobileCoreServices.framework */; };
		903C39041623C880001845FE /* SystemConfiguration.framework in Frameworks */ = {isa = PBXBuildFile; fileRef = 903C39001623C880001845FE /* SystemConfiguration.framework */; };
		903C39051623C880001845FE /* Twitter.framework in Frameworks */ = {isa = PBXBuildFile; fileRef = 903C39011623C880001845FE /* Twitter.framework */; };
		903C39071623C8D4001845FE /* libz.1.2.5.dylib in Frameworks */ = {isa = PBXBuildFile; fileRef = 903C39061623C8D4001845FE /* libz.1.2.5.dylib */; };
		903C39221623C97C001845FE /* ITM_v0.jpg in Resources */ = {isa = PBXBuildFile; fileRef = 903C39101623C97C001845FE /* ITM_v0.jpg */; };
		903C39231623C97C001845FE /* ITM_v0.jpg in Resources */ = {isa = PBXBuildFile; fileRef = 903C39101623C97C001845FE /* ITM_v0.jpg */; };
		903C39241623C97C001845FE /* Utilities.m in Sources */ = {isa = PBXBuildFile; fileRef = 903C39121623C97C001845FE /* Utilities.m */; };
		903C39251623C97C001845FE /* Utilities.m in Sources */ = {isa = PBXBuildFile; fileRef = 903C39121623C97C001845FE /* Utilities.m */; };
		903C39261623C97C001845FE /* MainEditorViewController.m in Sources */ = {isa = PBXBuildFile; fileRef = 903C39141623C97C001845FE /* MainEditorViewController.m */; };
		903C39271623C97C001845FE /* MainEditorViewController.m in Sources */ = {isa = PBXBuildFile; fileRef = 903C39141623C97C001845FE /* MainEditorViewController.m */; };
		903C39281623C97C001845FE /* MainEditorViewController.xib in Resources */ = {isa = PBXBuildFile; fileRef = 903C39151623C97C001845FE /* MainEditorViewController.xib */; };
		903C39291623C97C001845FE /* MainEditorViewController.xib in Resources */ = {isa = PBXBuildFile; fileRef = 903C39151623C97C001845FE /* MainEditorViewController.xib */; };
		903C392A1623C97C001845FE /* PreviewImage.m in Sources */ = {isa = PBXBuildFile; fileRef = 903C39171623C97C001845FE /* PreviewImage.m */; };
		903C392B1623C97C001845FE /* PreviewImage.m in Sources */ = {isa = PBXBuildFile; fileRef = 903C39171623C97C001845FE /* PreviewImage.m */; };
		903C39301623C9E3001845FE /* ImageResizeTest.m in Sources */ = {isa = PBXBuildFile; fileRef = 903C392D1623C9E3001845FE /* ImageResizeTest.m */; };
		903C39341623CA09001845FE /* PreviewImageTest.m in Sources */ = {isa = PBXBuildFile; fileRef = 903C39331623CA09001845FE /* PreviewImageTest.m */; };
		903C39371623D7B9001845FE /* MainEditorViewControllerTests.m in Sources */ = {isa = PBXBuildFile; fileRef = 903C39361623D7B9001845FE /* MainEditorViewControllerTests.m */; };
		903C39391623DBA9001845FE /* placeholder_1.jpg in Resources */ = {isa = PBXBuildFile; fileRef = 903C39381623DBA9001845FE /* placeholder_1.jpg */; };
		903C394A16267376001845FE /* placeholder_1.jpg in Resources */ = {isa = PBXBuildFile; fileRef = 903C39381623DBA9001845FE /* placeholder_1.jpg */; };
		90402746167978E30053A389 /* TextEntryViewController.m in Sources */ = {isa = PBXBuildFile; fileRef = 90402744167978E30053A389 /* TextEntryViewController.m */; };
		90402747167978E30053A389 /* TextEntryViewController.xib in Resources */ = {isa = PBXBuildFile; fileRef = 90402745167978E30053A389 /* TextEntryViewController.xib */; };
		9040274E167C227E0053A389 /* rounded_placeholder.png in Resources */ = {isa = PBXBuildFile; fileRef = 9040274D167C227E0053A389 /* rounded_placeholder.png */; };
		90402753167C22BB0053A389 /* ambientlightblue-300x115.jpg in Resources */ = {isa = PBXBuildFile; fileRef = 9040274F167C22BB0053A389 /* ambientlightblue-300x115.jpg */; };
		90402754167C22BB0053A389 /* hrdarkblue.jpg in Resources */ = {isa = PBXBuildFile; fileRef = 90402750167C22BB0053A389 /* hrdarkblue.jpg */; };
		90402755167C22BB0053A389 /* multicolored-300x115.jpg in Resources */ = {isa = PBXBuildFile; fileRef = 90402751167C22BB0053A389 /* multicolored-300x115.jpg */; };
		90470B1E16349A51004435FE /* MainNavViewController.m in Sources */ = {isa = PBXBuildFile; fileRef = 90470B1D16349A51004435FE /* MainNavViewController.m */; };
		9059FA6C168D631200BAE222 /* ambientlightblue-320x90.png in Resources */ = {isa = PBXBuildFile; fileRef = 9059FA6B168D631200BAE222 /* ambientlightblue-320x90.png */; };
		9059FA70168D675D00BAE222 /* notepad2.png in Resources */ = {isa = PBXBuildFile; fileRef = 9059FA6E168D675D00BAE222 /* notepad2.png */; };
		9059FA71168D675D00BAE222 /* notepad2@2x.png in Resources */ = {isa = PBXBuildFile; fileRef = 9059FA6F168D675D00BAE222 /* notepad2@2x.png */; };
		9059FA74168D67AB00BAE222 /* file-info.png in Resources */ = {isa = PBXBuildFile; fileRef = 9059FA72168D67AB00BAE222 /* file-info.png */; };
		9059FA75168D67AB00BAE222 /* file-info@2x.png in Resources */ = {isa = PBXBuildFile; fileRef = 9059FA73168D67AB00BAE222 /* file-info@2x.png */; };
		9068FB3416C1ED340061C288 /* ITMServiceClient.m in Sources */ = {isa = PBXBuildFile; fileRef = 9068FB3316C1ED340061C288 /* ITMServiceClient.m */; };
		9068FDAC1693831700217D80 /* TrustedCheckmark.png in Resources */ = {isa = PBXBuildFile; fileRef = 9068FDAA1693831700217D80 /* TrustedCheckmark.png */; };
		9068FDAD1693831700217D80 /* TrustedCheckmark@2x.png in Resources */ = {isa = PBXBuildFile; fileRef = 9068FDAB1693831700217D80 /* TrustedCheckmark@2x.png */; };
		908BCB2E167ED5C0003C61CD /* addcontactpressed.png in Resources */ = {isa = PBXBuildFile; fileRef = 908BCB2C167ED5C0003C61CD /* addcontactpressed.png */; };
		908BCB2F167ED5C0003C61CD /* addcontactpressed@2x.png in Resources */ = {isa = PBXBuildFile; fileRef = 908BCB2D167ED5C0003C61CD /* addcontactpressed@2x.png */; };
		908BCB31167EDC83003C61CD /* mysteriousblue-300x50.png in Resources */ = {isa = PBXBuildFile; fileRef = 908BCB30167EDC83003C61CD /* mysteriousblue-300x50.png */; };
		909B783316AE4BCB00A2D6D4 /* bg_for_app.png in Resources */ = {isa = PBXBuildFile; fileRef = 909B783116AE4BCB00A2D6D4 /* bg_for_app.png */; };
		909B783416AE4BCB00A2D6D4 /* bg_for_app@2x.png in Resources */ = {isa = PBXBuildFile; fileRef = 909B783216AE4BCB00A2D6D4 /* bg_for_app@2x.png */; };
		909B783716AF89EF00A2D6D4 /* Default@2x.png in Resources */ = {isa = PBXBuildFile; fileRef = 909B783616AF89EF00A2D6D4 /* Default@2x.png */; };
		909B783916AF8A0B00A2D6D4 /* Default-568h@2x.png in Resources */ = {isa = PBXBuildFile; fileRef = 909B783816AF8A0B00A2D6D4 /* Default-568h@2x.png */; };
		90A71326169BC6B400AD045B /* PLVideoEditButton@2x.png in Resources */ = {isa = PBXBuildFile; fileRef = 90A71325169BC6B300AD045B /* PLVideoEditButton@2x.png */; };
		90A71329169BC74800AD045B /* PLVideoEditButton.png in Resources */ = {isa = PBXBuildFile; fileRef = 90A71328169BC74800AD045B /* PLVideoEditButton.png */; };
		90A7132C169BC99500AD045B /* Video-play-button.png in Resources */ = {isa = PBXBuildFile; fileRef = 90A7132A169BC99400AD045B /* Video-play-button.png */; };
		90A7132D169BC99500AD045B /* Video-play-button@2x.png in Resources */ = {isa = PBXBuildFile; fileRef = 90A7132B169BC99400AD045B /* Video-play-button@2x.png */; };
		90BC2D6716435E650040CBF0 /* Reachability.m in Sources */ = {isa = PBXBuildFile; fileRef = 90BC2D6616435E650040CBF0 /* Reachability.m */; };
		90BC651F163F248600460A55 /* Uploader.m in Sources */ = {isa = PBXBuildFile; fileRef = 90BC651E163F248600460A55 /* Uploader.m */; };
		90BC6525163F86BD00460A55 /* PublishViewController.m in Sources */ = {isa = PBXBuildFile; fileRef = 90BC6523163F86BD00460A55 /* PublishViewController.m */; };
		90BC6526163F86BD00460A55 /* PublishViewController.xib in Resources */ = {isa = PBXBuildFile; fileRef = 90BC6524163F86BD00460A55 /* PublishViewController.xib */; };
		90BC65301640231F00460A55 /* HomeTableViewController.m in Sources */ = {isa = PBXBuildFile; fileRef = 90BC652E1640231E00460A55 /* HomeTableViewController.m */; };
		90BC65311640231F00460A55 /* HomeTableViewController.xib in Resources */ = {isa = PBXBuildFile; fileRef = 90BC652F1640231E00460A55 /* HomeTableViewController.xib */; };
		90BF118D169FCDE0007D6150 /* UIImage+Alpha.m in Sources */ = {isa = PBXBuildFile; fileRef = 90BF1188169FCDE0007D6150 /* UIImage+Alpha.m */; };
		90BF118E169FCDE0007D6150 /* UIImage+Resize.m in Sources */ = {isa = PBXBuildFile; fileRef = 90BF118A169FCDE0007D6150 /* UIImage+Resize.m */; };
		90BF118F169FCDE0007D6150 /* UIImage+RoundedCorner.m in Sources */ = {isa = PBXBuildFile; fileRef = 90BF118C169FCDE0007D6150 /* UIImage+RoundedCorner.m */; };
		90C6E217169680ED00B507E3 /* QuartzCore.framework in Frameworks */ = {isa = PBXBuildFile; fileRef = 90C6E216169680ED00B507E3 /* QuartzCore.framework */; };
		90C82F65166EE2B000A1D2B9 /* BuildItem.m in Sources */ = {isa = PBXBuildFile; fileRef = 90C82F64166EE2B000A1D2B9 /* BuildItem.m */; };
		90C82F6D1670629E00A1D2B9 /* rotate-right@2x.png in Resources */ = {isa = PBXBuildFile; fileRef = 90C82F671670629E00A1D2B9 /* rotate-right@2x.png */; };
		90C82F6E1670629E00A1D2B9 /* arrow-down@2x.png in Resources */ = {isa = PBXBuildFile; fileRef = 90C82F681670629E00A1D2B9 /* arrow-down@2x.png */; };
		90C82F6F1670629E00A1D2B9 /* down@2x.png in Resources */ = {isa = PBXBuildFile; fileRef = 90C82F691670629E00A1D2B9 /* down@2x.png */; };
		90C82F701670629E00A1D2B9 /* export@2x.png in Resources */ = {isa = PBXBuildFile; fileRef = 90C82F6A1670629E00A1D2B9 /* export@2x.png */; };
		90C82F711670629E00A1D2B9 /* arrow-down.png in Resources */ = {isa = PBXBuildFile; fileRef = 90C82F6B1670629E00A1D2B9 /* arrow-down.png */; };
		90C82F721670629E00A1D2B9 /* export.png in Resources */ = {isa = PBXBuildFile; fileRef = 90C82F6C1670629E00A1D2B9 /* export.png */; };
		90C82F74167062F700A1D2B9 /* rotate-right.png in Resources */ = {isa = PBXBuildFile; fileRef = 90C82F73167062F700A1D2B9 /* rotate-right.png */; };
		90C82F771670648800A1D2B9 /* pencil.png in Resources */ = {isa = PBXBuildFile; fileRef = 90C82F751670648800A1D2B9 /* pencil.png */; };
		90C82F781670648800A1D2B9 /* pencil@2x.png in Resources */ = {isa = PBXBuildFile; fileRef = 90C82F761670648800A1D2B9 /* pencil@2x.png */; };
		90C82F7D1670658F00A1D2B9 /* eye-close.png in Resources */ = {isa = PBXBuildFile; fileRef = 90C82F791670658F00A1D2B9 /* eye-close.png */; };
		90C82F7E1670658F00A1D2B9 /* eye-close@2x.png in Resources */ = {isa = PBXBuildFile; fileRef = 90C82F7A1670658F00A1D2B9 /* eye-close@2x.png */; };
		90C82F7F1670658F00A1D2B9 /* eye-open.png in Resources */ = {isa = PBXBuildFile; fileRef = 90C82F7B1670658F00A1D2B9 /* eye-open.png */; };
		90C82F801670658F00A1D2B9 /* eye-open@2x.png in Resources */ = {isa = PBXBuildFile; fileRef = 90C82F7C1670658F00A1D2B9 /* eye-open@2x.png */; };
		90E323131655CD8A0044F233 /* TitleInfoViewController.m in Sources */ = {isa = PBXBuildFile; fileRef = 90E323111655CD8A0044F233 /* TitleInfoViewController.m */; };
		90E323141655CD8A0044F233 /* TitleInfoViewController.xib in Resources */ = {isa = PBXBuildFile; fileRef = 90E323121655CD8A0044F233 /* TitleInfoViewController.xib */; };
		90E3C00F16A110E80004A881 /* cloud-minus@2x.png in Resources */ = {isa = PBXBuildFile; fileRef = 90E3C00D16A110E80004A881 /* cloud-minus@2x.png */; };
		90E3C01016A110E80004A881 /* cloud-minus.png in Resources */ = {isa = PBXBuildFile; fileRef = 90E3C00E16A110E80004A881 /* cloud-minus.png */; };
/* End PBXBuildFile section */

/* Begin PBXContainerItemProxy section */
		903C38E11623C7D1001845FE /* PBXContainerItemProxy */ = {
			isa = PBXContainerItemProxy;
			containerPortal = 903C38AC1623C7D1001845FE /* Project object */;
			proxyType = 1;
			remoteGlobalIDString = 903C38B41623C7D1001845FE;
			remoteInfo = ITM_version_0.0.1;
		};
/* End PBXContainerItemProxy section */

/* Begin PBXFileReference section */
		900F3F4A169537C6007A8986 /* Icon-72.png */ = {isa = PBXFileReference; lastKnownFileType = image.png; path = "Icon-72.png"; sourceTree = "<group>"; };
		900F3F4B169537C6007A8986 /* Icon-72@2x.png */ = {isa = PBXFileReference; lastKnownFileType = image.png; path = "Icon-72@2x.png"; sourceTree = "<group>"; };
		900F3F4C169537C6007A8986 /* Icon-Small-50.png */ = {isa = PBXFileReference; lastKnownFileType = image.png; path = "Icon-Small-50.png"; sourceTree = "<group>"; };
		900F3F4D169537C6007A8986 /* Icon-Small-50@2x.png */ = {isa = PBXFileReference; lastKnownFileType = image.png; path = "Icon-Small-50@2x.png"; sourceTree = "<group>"; };
		900F3F4E169537C6007A8986 /* Icon-Small.png */ = {isa = PBXFileReference; lastKnownFileType = image.png; path = "Icon-Small.png"; sourceTree = "<group>"; };
		900F3F4F169537C6007A8986 /* Icon-Small@2x.png */ = {isa = PBXFileReference; lastKnownFileType = image.png; path = "Icon-Small@2x.png"; sourceTree = "<group>"; };
		900F3F50169537C6007A8986 /* Icon.png */ = {isa = PBXFileReference; lastKnownFileType = image.png; path = Icon.png; sourceTree = "<group>"; };
		900F3F51169537C6007A8986 /* Icon@2x.png */ = {isa = PBXFileReference; lastKnownFileType = image.png; path = "Icon@2x.png"; sourceTree = "<group>"; };
		900F3F52169537C6007A8986 /* iTunesArtwork.png */ = {isa = PBXFileReference; lastKnownFileType = image.png; path = iTunesArtwork.png; sourceTree = "<group>"; };
		900F3F53169537C6007A8986 /* iTunesArtwork@2x.png */ = {isa = PBXFileReference; lastKnownFileType = image.png; path = "iTunesArtwork@2x.png"; sourceTree = "<group>"; };
		900F3F5F16953831007A8986 /* Icon.png */ = {isa = PBXFileReference; lastKnownFileType = image.png; path = Icon.png; sourceTree = "<group>"; };
		900F3F611695383D007A8986 /* Icon@2x.png */ = {isa = PBXFileReference; lastKnownFileType = image.png; path = "Icon@2x.png"; sourceTree = "<group>"; };
		900F3F6316953862007A8986 /* Default.png */ = {isa = PBXFileReference; lastKnownFileType = image.png; path = Default.png; sourceTree = "<group>"; };
		900FE4D216ACE91D001F08D0 /* Build.h */ = {isa = PBXFileReference; fileEncoding = 4; lastKnownFileType = sourcecode.c.h; path = Build.h; sourceTree = "<group>"; };
		900FE4D316ACE91D001F08D0 /* Build.m */ = {isa = PBXFileReference; fileEncoding = 4; lastKnownFileType = sourcecode.c.objc; path = Build.m; sourceTree = "<group>"; };
		9013C7BE162CE3D600C5ACA4 /* ImageEditor.h */ = {isa = PBXFileReference; fileEncoding = 4; lastKnownFileType = sourcecode.c.h; name = ImageEditor.h; path = ITM_version_0.0.1/ImageEditor.h; sourceTree = "<group>"; };
		9013C7C0162CEACF00C5ACA4 /* CaptureViewController.h */ = {isa = PBXFileReference; fileEncoding = 4; lastKnownFileType = sourcecode.c.h; path = CaptureViewController.h; sourceTree = "<group>"; };
		9013C7C1162CEACF00C5ACA4 /* CaptureViewController.m */ = {isa = PBXFileReference; fileEncoding = 4; lastKnownFileType = sourcecode.c.objc; path = CaptureViewController.m; sourceTree = "<group>"; };
		9013C7C2162CEACF00C5ACA4 /* CaptureViewController.xib */ = {isa = PBXFileReference; fileEncoding = 4; lastKnownFileType = file.xib; path = CaptureViewController.xib; sourceTree = "<group>"; };
		90144C17169D1DBF0039EEA1 /* circle-up2@2x.png */ = {isa = PBXFileReference; lastKnownFileType = image.png; path = "circle-up2@2x.png"; sourceTree = "<group>"; };
		90144C18169D1DBF0039EEA1 /* circle-up2.png */ = {isa = PBXFileReference; lastKnownFileType = image.png; path = "circle-up2.png"; sourceTree = "<group>"; };
		90144C1B169D34060039EEA1 /* delete.png */ = {isa = PBXFileReference; lastKnownFileType = image.png; path = delete.png; sourceTree = "<group>"; };
		90144C1C169D34060039EEA1 /* delete@2x.png */ = {isa = PBXFileReference; lastKnownFileType = image.png; path = "delete@2x.png"; sourceTree = "<group>"; };
		90144C1D169D34060039EEA1 /* deletepressed.png */ = {isa = PBXFileReference; lastKnownFileType = image.png; path = deletepressed.png; sourceTree = "<group>"; };
		90144C1E169D34060039EEA1 /* deletepressed@2x.png */ = {isa = PBXFileReference; lastKnownFileType = image.png; path = "deletepressed@2x.png"; sourceTree = "<group>"; };
		90144C23169D38440039EEA1 /* trash@2x.png */ = {isa = PBXFileReference; lastKnownFileType = image.png; path = "trash@2x.png"; sourceTree = "<group>"; };
		90144C24169D38440039EEA1 /* trash.png */ = {isa = PBXFileReference; lastKnownFileType = image.png; path = trash.png; sourceTree = "<group>"; };
		90144C37169E5CD20039EEA1 /* deleteIcon@2x.png */ = {isa = PBXFileReference; lastKnownFileType = image.png; name = "deleteIcon@2x.png"; path = "../deleteIcon@2x.png"; sourceTree = "<group>"; };
		90144C38169E5CD20039EEA1 /* editIcon.png */ = {isa = PBXFileReference; lastKnownFileType = image.png; name = editIcon.png; path = ../editIcon.png; sourceTree = "<group>"; };
		90144C39169E5CD20039EEA1 /* editIcon@2x.png */ = {isa = PBXFileReference; lastKnownFileType = image.png; name = "editIcon@2x.png"; path = "../editIcon@2x.png"; sourceTree = "<group>"; };
		90144C3D169E5D240039EEA1 /* deleteIcon.png */ = {isa = PBXFileReference; lastKnownFileType = image.png; name = deleteIcon.png; path = ../deleteIcon.png; sourceTree = "<group>"; };
		90144C3F169E69DB0039EEA1 /* add_after.png */ = {isa = PBXFileReference; lastKnownFileType = image.png; path = add_after.png; sourceTree = "<group>"; };
		90144C40169E69DB0039EEA1 /* add_after@2x.png */ = {isa = PBXFileReference; lastKnownFileType = image.png; path = "add_after@2x.png"; sourceTree = "<group>"; };
		90144C41169E69DB0039EEA1 /* add_before.png */ = {isa = PBXFileReference; lastKnownFileType = image.png; path = add_before.png; sourceTree = "<group>"; };
		90144C42169E69DB0039EEA1 /* add_before@2x.png */ = {isa = PBXFileReference; lastKnownFileType = image.png; path = "add_before@2x.png"; sourceTree = "<group>"; };
		90144C47169E6A2D0039EEA1 /* hammer-square@2x.png */ = {isa = PBXFileReference; lastKnownFileType = image.png; path = "hammer-square@2x.png"; sourceTree = "<group>"; };
		90144C48169E6A2D0039EEA1 /* hammer-square.png */ = {isa = PBXFileReference; lastKnownFileType = image.png; path = "hammer-square.png"; sourceTree = "<group>"; };
		90144C4B169E75890039EEA1 /* rounded_placeholderNew.png */ = {isa = PBXFileReference; lastKnownFileType = image.png; path = rounded_placeholderNew.png; sourceTree = "<group>"; };
		90144C53169FA4C50039EEA1 /* UIButton+Color.h */ = {isa = PBXFileReference; fileEncoding = 4; lastKnownFileType = sourcecode.c.h; name = "UIButton+Color.h"; path = "ITM_version_0.0.1/UIButton+Color.h"; sourceTree = "<group>"; };
		90144C54169FA4C60039EEA1 /* UIButton+Color.m */ = {isa = PBXFileReference; fileEncoding = 4; lastKnownFileType = sourcecode.c.objc; name = "UIButton+Color.m"; path = "ITM_version_0.0.1/UIButton+Color.m"; sourceTree = "<group>"; };
		9017240516992F2C007C37B0 /* bg_img_1.jpg */ = {isa = PBXFileReference; lastKnownFileType = image.jpeg; path = bg_img_1.jpg; sourceTree = "<group>"; };
		9017240616992F2C007C37B0 /* iosBG.jpg */ = {isa = PBXFileReference; lastKnownFileType = image.jpeg; path = iosBG.jpg; sourceTree = "<group>"; };
		9017240716992F2C007C37B0 /* total_bg.jpg */ = {isa = PBXFileReference; lastKnownFileType = image.jpeg; path = total_bg.jpg; sourceTree = "<group>"; };
		9017240C169951A3007C37B0 /* background00.png */ = {isa = PBXFileReference; lastKnownFileType = image.png; path = background00.png; sourceTree = "<group>"; };
		9017240E1699521F007C37B0 /* infoBG.png */ = {isa = PBXFileReference; lastKnownFileType = image.png; path = infoBG.png; sourceTree = "<group>"; };
		90172410169A92E6007C37B0 /* uiglassbutton-template.png */ = {isa = PBXFileReference; lastKnownFileType = image.png; path = "uiglassbutton-template.png"; sourceTree = "<group>"; };
		90172412169A9751007C37B0 /* separator.png */ = {isa = PBXFileReference; lastKnownFileType = image.png; path = separator.png; sourceTree = "<group>"; };
		901BD882163E26C3008721C3 /* camera@2x.png */ = {isa = PBXFileReference; lastKnownFileType = image.png; path = "camera@2x.png"; sourceTree = "<group>"; };
		901BD883163E26C3008721C3 /* clapboard@2x.png */ = {isa = PBXFileReference; lastKnownFileType = image.png; path = "clapboard@2x.png"; sourceTree = "<group>"; };
		901BD886163E26DC008721C3 /* camera.png */ = {isa = PBXFileReference; lastKnownFileType = image.png; path = camera.png; sourceTree = "<group>"; };
		901BD887163E26DC008721C3 /* clapboard.png */ = {isa = PBXFileReference; lastKnownFileType = image.png; path = clapboard.png; sourceTree = "<group>"; };
		901BD88A163E282A008721C3 /* floppy_disc@2x.png */ = {isa = PBXFileReference; lastKnownFileType = image.png; path = "floppy_disc@2x.png"; sourceTree = "<group>"; };
		901BD88B163E282A008721C3 /* folder@2x.png */ = {isa = PBXFileReference; lastKnownFileType = image.png; path = "folder@2x.png"; sourceTree = "<group>"; };
		901BD88E163E284A008721C3 /* floppy_disc.png */ = {isa = PBXFileReference; lastKnownFileType = image.png; path = floppy_disc.png; sourceTree = "<group>"; };
		901BD88F163E284A008721C3 /* folder.png */ = {isa = PBXFileReference; lastKnownFileType = image.png; path = folder.png; sourceTree = "<group>"; };
		901BD892163E334C008721C3 /* plus.png */ = {isa = PBXFileReference; lastKnownFileType = image.png; path = plus.png; sourceTree = "<group>"; };
		901BD894163E336A008721C3 /* plus@2x.png */ = {isa = PBXFileReference; lastKnownFileType = image.png; path = "plus@2x.png"; sourceTree = "<group>"; };
		90240AF8168EA27200B68EBC /* vert.png */ = {isa = PBXFileReference; lastKnownFileType = image.png; path = vert.png; sourceTree = "<group>"; };
		90240AFB168F8B5A00B68EBC /* lock@2x.png */ = {isa = PBXFileReference; lastKnownFileType = image.png; path = "lock@2x.png"; sourceTree = "<group>"; };
		90240AFC168F8B5A00B68EBC /* lock.png */ = {isa = PBXFileReference; lastKnownFileType = image.png; path = lock.png; sourceTree = "<group>"; };
		9026EEC816801652004A63B9 /* mysteriousblue-300x45.png */ = {isa = PBXFileReference; lastKnownFileType = image.png; path = "mysteriousblue-300x45.png"; sourceTree = "<group>"; };
		9026EECA16802432004A63B9 /* placeholder1.jpg */ = {isa = PBXFileReference; lastKnownFileType = image.jpeg; path = placeholder1.jpg; sourceTree = "<group>"; };
		9026EECC1680299D004A63B9 /* placeholder2.jpg */ = {isa = PBXFileReference; lastKnownFileType = image.jpeg; path = placeholder2.jpg; sourceTree = "<group>"; };
		9026EECE168421A1004A63B9 /* HomeTableCell.h */ = {isa = PBXFileReference; fileEncoding = 4; lastKnownFileType = sourcecode.c.h; name = HomeTableCell.h; path = ITM_version_0.0.1/HomeTableCell.h; sourceTree = "<group>"; };
		9026EECF168421A1004A63B9 /* HomeTableCell.m */ = {isa = PBXFileReference; fileEncoding = 4; lastKnownFileType = sourcecode.c.objc; name = HomeTableCell.m; path = ITM_version_0.0.1/HomeTableCell.m; sourceTree = "<group>"; };
		9026EED1168421E2004A63B9 /* HomeTableCell.xib */ = {isa = PBXFileReference; fileEncoding = 4; lastKnownFileType = file.xib; path = HomeTableCell.xib; sourceTree = "<group>"; };
		9029375016A1D62F00939839 /* Security.framework */ = {isa = PBXFileReference; lastKnownFileType = wrapper.framework; name = Security.framework; path = System/Library/Frameworks/Security.framework; sourceTree = SDKROOT; };
		9029375516A1D8C700939839 /* AFHTTPClient.h */ = {isa = PBXFileReference; fileEncoding = 4; lastKnownFileType = sourcecode.c.h; path = AFHTTPClient.h; sourceTree = "<group>"; };
		9029375616A1D8C700939839 /* AFHTTPClient.m */ = {isa = PBXFileReference; fileEncoding = 4; lastKnownFileType = sourcecode.c.objc; path = AFHTTPClient.m; sourceTree = "<group>"; };
		9029375716A1D8C700939839 /* AFHTTPRequestOperation.h */ = {isa = PBXFileReference; fileEncoding = 4; lastKnownFileType = sourcecode.c.h; path = AFHTTPRequestOperation.h; sourceTree = "<group>"; };
		9029375816A1D8C700939839 /* AFHTTPRequestOperation.m */ = {isa = PBXFileReference; fileEncoding = 4; lastKnownFileType = sourcecode.c.objc; path = AFHTTPRequestOperation.m; sourceTree = "<group>"; };
		9029375916A1D8C700939839 /* AFImageRequestOperation.h */ = {isa = PBXFileReference; fileEncoding = 4; lastKnownFileType = sourcecode.c.h; path = AFImageRequestOperation.h; sourceTree = "<group>"; };
		9029375A16A1D8C700939839 /* AFImageRequestOperation.m */ = {isa = PBXFileReference; fileEncoding = 4; lastKnownFileType = sourcecode.c.objc; path = AFImageRequestOperation.m; sourceTree = "<group>"; };
		9029375B16A1D8C700939839 /* AFJSONRequestOperation.h */ = {isa = PBXFileReference; fileEncoding = 4; lastKnownFileType = sourcecode.c.h; path = AFJSONRequestOperation.h; sourceTree = "<group>"; };
		9029375C16A1D8C700939839 /* AFJSONRequestOperation.m */ = {isa = PBXFileReference; fileEncoding = 4; lastKnownFileType = sourcecode.c.objc; path = AFJSONRequestOperation.m; sourceTree = "<group>"; };
		9029375D16A1D8C700939839 /* AFNetworkActivityIndicatorManager.h */ = {isa = PBXFileReference; fileEncoding = 4; lastKnownFileType = sourcecode.c.h; path = AFNetworkActivityIndicatorManager.h; sourceTree = "<group>"; };
		9029375E16A1D8C700939839 /* AFNetworkActivityIndicatorManager.m */ = {isa = PBXFileReference; fileEncoding = 4; lastKnownFileType = sourcecode.c.objc; path = AFNetworkActivityIndicatorManager.m; sourceTree = "<group>"; };
		9029375F16A1D8C700939839 /* AFNetworking.h */ = {isa = PBXFileReference; fileEncoding = 4; lastKnownFileType = sourcecode.c.h; path = AFNetworking.h; sourceTree = "<group>"; };
		9029376016A1D8C700939839 /* AFPropertyListRequestOperation.h */ = {isa = PBXFileReference; fileEncoding = 4; lastKnownFileType = sourcecode.c.h; path = AFPropertyListRequestOperation.h; sourceTree = "<group>"; };
		9029376116A1D8C700939839 /* AFPropertyListRequestOperation.m */ = {isa = PBXFileReference; fileEncoding = 4; lastKnownFileType = sourcecode.c.objc; path = AFPropertyListRequestOperation.m; sourceTree = "<group>"; };
		9029376216A1D8C700939839 /* AFURLConnectionOperation.h */ = {isa = PBXFileReference; fileEncoding = 4; lastKnownFileType = sourcecode.c.h; path = AFURLConnectionOperation.h; sourceTree = "<group>"; };
		9029376316A1D8C700939839 /* AFURLConnectionOperation.m */ = {isa = PBXFileReference; fileEncoding = 4; lastKnownFileType = sourcecode.c.objc; path = AFURLConnectionOperation.m; sourceTree = "<group>"; };
		9029376416A1D8C700939839 /* AFXMLRequestOperation.h */ = {isa = PBXFileReference; fileEncoding = 4; lastKnownFileType = sourcecode.c.h; path = AFXMLRequestOperation.h; sourceTree = "<group>"; };
		9029376516A1D8C700939839 /* AFXMLRequestOperation.m */ = {isa = PBXFileReference; fileEncoding = 4; lastKnownFileType = sourcecode.c.objc; path = AFXMLRequestOperation.m; sourceTree = "<group>"; };
		9029376616A1D8C700939839 /* UIImageView+AFNetworking.h */ = {isa = PBXFileReference; fileEncoding = 4; lastKnownFileType = sourcecode.c.h; path = "UIImageView+AFNetworking.h"; sourceTree = "<group>"; };
		9029376716A1D8C700939839 /* UIImageView+AFNetworking.m */ = {isa = PBXFileReference; fileEncoding = 4; lastKnownFileType = sourcecode.c.objc; path = "UIImageView+AFNetworking.m"; sourceTree = "<group>"; };
		9029377916A232F000939839 /* LoginViewController.h */ = {isa = PBXFileReference; fileEncoding = 4; lastKnownFileType = sourcecode.c.h; path = LoginViewController.h; sourceTree = "<group>"; };
		9029377A16A232F000939839 /* LoginViewController.m */ = {isa = PBXFileReference; fileEncoding = 4; lastKnownFileType = sourcecode.c.objc; path = LoginViewController.m; sourceTree = "<group>"; };
		9029377B16A232F000939839 /* LoginViewController.xib */ = {isa = PBXFileReference; fileEncoding = 4; lastKnownFileType = file.xib; path = LoginViewController.xib; sourceTree = "<group>"; };
		903C38B51623C7D1001845FE /* ITM_version_0.0.1.app */ = {isa = PBXFileReference; explicitFileType = wrapper.application; includeInIndex = 0; path = ITM_version_0.0.1.app; sourceTree = BUILT_PRODUCTS_DIR; };
		903C38B91623C7D1001845FE /* UIKit.framework */ = {isa = PBXFileReference; lastKnownFileType = wrapper.framework; name = UIKit.framework; path = System/Library/Frameworks/UIKit.framework; sourceTree = SDKROOT; };
		903C38BB1623C7D1001845FE /* Foundation.framework */ = {isa = PBXFileReference; lastKnownFileType = wrapper.framework; name = Foundation.framework; path = System/Library/Frameworks/Foundation.framework; sourceTree = SDKROOT; };
		903C38BD1623C7D1001845FE /* CoreGraphics.framework */ = {isa = PBXFileReference; lastKnownFileType = wrapper.framework; name = CoreGraphics.framework; path = System/Library/Frameworks/CoreGraphics.framework; sourceTree = SDKROOT; };
		903C38BF1623C7D1001845FE /* CoreData.framework */ = {isa = PBXFileReference; lastKnownFileType = wrapper.framework; name = CoreData.framework; path = System/Library/Frameworks/CoreData.framework; sourceTree = SDKROOT; };
		903C38C31623C7D1001845FE /* ITM_version_0.0.1-Info.plist */ = {isa = PBXFileReference; lastKnownFileType = text.plist.xml; path = "ITM_version_0.0.1-Info.plist"; sourceTree = "<group>"; };
		903C38C51623C7D1001845FE /* en */ = {isa = PBXFileReference; lastKnownFileType = text.plist.strings; name = en; path = en.lproj/InfoPlist.strings; sourceTree = "<group>"; };
		903C38C71623C7D1001845FE /* main.m */ = {isa = PBXFileReference; lastKnownFileType = sourcecode.c.objc; path = main.m; sourceTree = "<group>"; };
		903C38C91623C7D1001845FE /* ITM_version_0.0.1-Prefix.pch */ = {isa = PBXFileReference; lastKnownFileType = sourcecode.c.h; path = "ITM_version_0.0.1-Prefix.pch"; sourceTree = "<group>"; };
		903C38CA1623C7D1001845FE /* AppDelegate.h */ = {isa = PBXFileReference; lastKnownFileType = sourcecode.c.h; path = AppDelegate.h; sourceTree = "<group>"; };
		903C38CB1623C7D1001845FE /* AppDelegate.m */ = {isa = PBXFileReference; lastKnownFileType = sourcecode.c.objc; path = AppDelegate.m; sourceTree = "<group>"; };
		903C38CD1623C7D1001845FE /* Default.png */ = {isa = PBXFileReference; lastKnownFileType = image.png; path = Default.png; sourceTree = "<group>"; };
		903C38CF1623C7D1001845FE /* Default@2x.png */ = {isa = PBXFileReference; lastKnownFileType = image.png; path = "Default@2x.png"; sourceTree = "<group>"; };
		903C38D11623C7D1001845FE /* Default-568h@2x.png */ = {isa = PBXFileReference; lastKnownFileType = image.png; path = "Default-568h@2x.png"; sourceTree = "<group>"; };
		903C38D41623C7D1001845FE /* ITM_version_0_0_1.xcdatamodel */ = {isa = PBXFileReference; lastKnownFileType = wrapper.xcdatamodel; path = ITM_version_0_0_1.xcdatamodel; sourceTree = "<group>"; };
		903C38DB1623C7D1001845FE /* ITM_version_0.0.1Tests.octest */ = {isa = PBXFileReference; explicitFileType = wrapper.cfbundle; includeInIndex = 0; path = ITM_version_0.0.1Tests.octest; sourceTree = BUILT_PRODUCTS_DIR; };
		903C38DC1623C7D1001845FE /* SenTestingKit.framework */ = {isa = PBXFileReference; lastKnownFileType = wrapper.framework; name = SenTestingKit.framework; path = Library/Frameworks/SenTestingKit.framework; sourceTree = DEVELOPER_DIR; };
		903C38E51623C7D1001845FE /* ITM_version_0.0.1Tests-Info.plist */ = {isa = PBXFileReference; lastKnownFileType = text.plist.xml; path = "ITM_version_0.0.1Tests-Info.plist"; sourceTree = "<group>"; };
		903C38E71623C7D1001845FE /* en */ = {isa = PBXFileReference; lastKnownFileType = text.plist.strings; name = en; path = en.lproj/InfoPlist.strings; sourceTree = "<group>"; };
		903C38E91623C7D1001845FE /* ITM_version_0_0_1Tests.h */ = {isa = PBXFileReference; lastKnownFileType = sourcecode.c.h; path = ITM_version_0_0_1Tests.h; sourceTree = "<group>"; };
		903C38EA1623C7D1001845FE /* ITM_version_0_0_1Tests.m */ = {isa = PBXFileReference; lastKnownFileType = sourcecode.c.objc; path = ITM_version_0_0_1Tests.m; sourceTree = "<group>"; };
		903C38F41623C82C001845FE /* AssetsLibrary.framework */ = {isa = PBXFileReference; lastKnownFileType = wrapper.framework; name = AssetsLibrary.framework; path = System/Library/Frameworks/AssetsLibrary.framework; sourceTree = SDKROOT; };
		903C38F51623C82C001845FE /* AVFoundation.framework */ = {isa = PBXFileReference; lastKnownFileType = wrapper.framework; name = AVFoundation.framework; path = System/Library/Frameworks/AVFoundation.framework; sourceTree = SDKROOT; };
		903C38F61623C82C001845FE /* CFNetwork.framework */ = {isa = PBXFileReference; lastKnownFileType = wrapper.framework; name = CFNetwork.framework; path = System/Library/Frameworks/CFNetwork.framework; sourceTree = SDKROOT; };
		903C38F71623C82C001845FE /* CoreImage.framework */ = {isa = PBXFileReference; lastKnownFileType = wrapper.framework; name = CoreImage.framework; path = System/Library/Frameworks/CoreImage.framework; sourceTree = SDKROOT; };
		903C38F81623C82C001845FE /* CoreMedia.framework */ = {isa = PBXFileReference; lastKnownFileType = wrapper.framework; name = CoreMedia.framework; path = System/Library/Frameworks/CoreMedia.framework; sourceTree = SDKROOT; };
		903C38FE1623C880001845FE /* MediaPlayer.framework */ = {isa = PBXFileReference; lastKnownFileType = wrapper.framework; name = MediaPlayer.framework; path = System/Library/Frameworks/MediaPlayer.framework; sourceTree = SDKROOT; };
		903C38FF1623C880001845FE /* MobileCoreServices.framework */ = {isa = PBXFileReference; lastKnownFileType = wrapper.framework; name = MobileCoreServices.framework; path = System/Library/Frameworks/MobileCoreServices.framework; sourceTree = SDKROOT; };
		903C39001623C880001845FE /* SystemConfiguration.framework */ = {isa = PBXFileReference; lastKnownFileType = wrapper.framework; name = SystemConfiguration.framework; path = System/Library/Frameworks/SystemConfiguration.framework; sourceTree = SDKROOT; };
		903C39011623C880001845FE /* Twitter.framework */ = {isa = PBXFileReference; lastKnownFileType = wrapper.framework; name = Twitter.framework; path = System/Library/Frameworks/Twitter.framework; sourceTree = SDKROOT; };
		903C39061623C8D4001845FE /* libz.1.2.5.dylib */ = {isa = PBXFileReference; lastKnownFileType = "compiled.mach-o.dylib"; name = libz.1.2.5.dylib; path = usr/lib/libz.1.2.5.dylib; sourceTree = SDKROOT; };
		903C39101623C97C001845FE /* ITM_v0.jpg */ = {isa = PBXFileReference; lastKnownFileType = image.jpeg; name = ITM_v0.jpg; path = ../ITM_v0.jpg; sourceTree = "<group>"; };
		903C39111623C97C001845FE /* Utilities.h */ = {isa = PBXFileReference; fileEncoding = 4; lastKnownFileType = sourcecode.c.h; path = Utilities.h; sourceTree = "<group>"; };
		903C39121623C97C001845FE /* Utilities.m */ = {isa = PBXFileReference; fileEncoding = 4; lastKnownFileType = sourcecode.c.objc; path = Utilities.m; sourceTree = "<group>"; };
		903C39131623C97C001845FE /* MainEditorViewController.h */ = {isa = PBXFileReference; fileEncoding = 4; lastKnownFileType = sourcecode.c.h; path = MainEditorViewController.h; sourceTree = "<group>"; };
		903C39141623C97C001845FE /* MainEditorViewController.m */ = {isa = PBXFileReference; fileEncoding = 4; lastKnownFileType = sourcecode.c.objc; path = MainEditorViewController.m; sourceTree = "<group>"; };
		903C39151623C97C001845FE /* MainEditorViewController.xib */ = {isa = PBXFileReference; fileEncoding = 4; lastKnownFileType = file.xib; path = MainEditorViewController.xib; sourceTree = "<group>"; };
		903C39161623C97C001845FE /* PreviewImage.h */ = {isa = PBXFileReference; fileEncoding = 4; lastKnownFileType = sourcecode.c.h; path = PreviewImage.h; sourceTree = "<group>"; };
		903C39171623C97C001845FE /* PreviewImage.m */ = {isa = PBXFileReference; fileEncoding = 4; lastKnownFileType = sourcecode.c.objc; path = PreviewImage.m; sourceTree = "<group>"; };
		903C392C1623C9E3001845FE /* ImageResizeTest.h */ = {isa = PBXFileReference; fileEncoding = 4; lastKnownFileType = sourcecode.c.h; path = ImageResizeTest.h; sourceTree = "<group>"; };
		903C392D1623C9E3001845FE /* ImageResizeTest.m */ = {isa = PBXFileReference; fileEncoding = 4; lastKnownFileType = sourcecode.c.objc; path = ImageResizeTest.m; sourceTree = "<group>"; };
		903C39321623CA09001845FE /* PreviewImageTest.h */ = {isa = PBXFileReference; fileEncoding = 4; lastKnownFileType = sourcecode.c.h; path = PreviewImageTest.h; sourceTree = "<group>"; };
		903C39331623CA09001845FE /* PreviewImageTest.m */ = {isa = PBXFileReference; fileEncoding = 4; lastKnownFileType = sourcecode.c.objc; path = PreviewImageTest.m; sourceTree = "<group>"; };
		903C39351623D7B9001845FE /* MainEditorViewControllerTests.h */ = {isa = PBXFileReference; fileEncoding = 4; lastKnownFileType = sourcecode.c.h; name = MainEditorViewControllerTests.h; path = ../MainEditorViewControllerTests.h; sourceTree = "<group>"; };
		903C39361623D7B9001845FE /* MainEditorViewControllerTests.m */ = {isa = PBXFileReference; fileEncoding = 4; lastKnownFileType = sourcecode.c.objc; name = MainEditorViewControllerTests.m; path = ../MainEditorViewControllerTests.m; sourceTree = "<group>"; };
		903C39381623DBA9001845FE /* placeholder_1.jpg */ = {isa = PBXFileReference; lastKnownFileType = image.jpeg; name = placeholder_1.jpg; path = ../placeholder_1.jpg; sourceTree = "<group>"; };
		90402743167978E30053A389 /* TextEntryViewController.h */ = {isa = PBXFileReference; fileEncoding = 4; lastKnownFileType = sourcecode.c.h; path = TextEntryViewController.h; sourceTree = "<group>"; };
		90402744167978E30053A389 /* TextEntryViewController.m */ = {isa = PBXFileReference; fileEncoding = 4; lastKnownFileType = sourcecode.c.objc; path = TextEntryViewController.m; sourceTree = "<group>"; };
		90402745167978E30053A389 /* TextEntryViewController.xib */ = {isa = PBXFileReference; fileEncoding = 4; lastKnownFileType = file.xib; path = TextEntryViewController.xib; sourceTree = "<group>"; };
		9040274D167C227E0053A389 /* rounded_placeholder.png */ = {isa = PBXFileReference; lastKnownFileType = image.png; path = rounded_placeholder.png; sourceTree = "<group>"; };
		9040274F167C22BB0053A389 /* ambientlightblue-300x115.jpg */ = {isa = PBXFileReference; lastKnownFileType = image.jpeg; path = "ambientlightblue-300x115.jpg"; sourceTree = "<group>"; };
		90402750167C22BB0053A389 /* hrdarkblue.jpg */ = {isa = PBXFileReference; lastKnownFileType = image.jpeg; path = hrdarkblue.jpg; sourceTree = "<group>"; };
		90402751167C22BB0053A389 /* multicolored-300x115.jpg */ = {isa = PBXFileReference; lastKnownFileType = image.jpeg; path = "multicolored-300x115.jpg"; sourceTree = "<group>"; };
		90470B1C16349A51004435FE /* MainNavViewController.h */ = {isa = PBXFileReference; fileEncoding = 4; lastKnownFileType = sourcecode.c.h; name = MainNavViewController.h; path = ITM_version_0.0.1/MainNavViewController.h; sourceTree = "<group>"; };
		90470B1D16349A51004435FE /* MainNavViewController.m */ = {isa = PBXFileReference; fileEncoding = 4; lastKnownFileType = sourcecode.c.objc; name = MainNavViewController.m; path = ITM_version_0.0.1/MainNavViewController.m; sourceTree = "<group>"; };
		9059FA6B168D631200BAE222 /* ambientlightblue-320x90.png */ = {isa = PBXFileReference; lastKnownFileType = image.png; path = "ambientlightblue-320x90.png"; sourceTree = "<group>"; };
		9059FA6E168D675D00BAE222 /* notepad2.png */ = {isa = PBXFileReference; lastKnownFileType = image.png; path = notepad2.png; sourceTree = "<group>"; };
		9059FA6F168D675D00BAE222 /* notepad2@2x.png */ = {isa = PBXFileReference; lastKnownFileType = image.png; path = "notepad2@2x.png"; sourceTree = "<group>"; };
		9059FA72168D67AB00BAE222 /* file-info.png */ = {isa = PBXFileReference; lastKnownFileType = image.png; path = "file-info.png"; sourceTree = "<group>"; };
		9059FA73168D67AB00BAE222 /* file-info@2x.png */ = {isa = PBXFileReference; lastKnownFileType = image.png; path = "file-info@2x.png"; sourceTree = "<group>"; };
		9068FB3216C1ED340061C288 /* ITMServiceClient.h */ = {isa = PBXFileReference; fileEncoding = 4; lastKnownFileType = sourcecode.c.h; path = ITMServiceClient.h; sourceTree = "<group>"; };
		9068FB3316C1ED340061C288 /* ITMServiceClient.m */ = {isa = PBXFileReference; fileEncoding = 4; lastKnownFileType = sourcecode.c.objc; path = ITMServiceClient.m; sourceTree = "<group>"; };
		9068FDAA1693831700217D80 /* TrustedCheckmark.png */ = {isa = PBXFileReference; lastKnownFileType = image.png; path = TrustedCheckmark.png; sourceTree = "<group>"; };
		9068FDAB1693831700217D80 /* TrustedCheckmark@2x.png */ = {isa = PBXFileReference; lastKnownFileType = image.png; path = "TrustedCheckmark@2x.png"; sourceTree = "<group>"; };
		908BCB2C167ED5C0003C61CD /* addcontactpressed.png */ = {isa = PBXFileReference; lastKnownFileType = image.png; path = addcontactpressed.png; sourceTree = "<group>"; };
		908BCB2D167ED5C0003C61CD /* addcontactpressed@2x.png */ = {isa = PBXFileReference; lastKnownFileType = image.png; path = "addcontactpressed@2x.png"; sourceTree = "<group>"; };
		908BCB30167EDC83003C61CD /* mysteriousblue-300x50.png */ = {isa = PBXFileReference; lastKnownFileType = image.png; path = "mysteriousblue-300x50.png"; sourceTree = "<group>"; };
		909B783116AE4BCB00A2D6D4 /* bg_for_app.png */ = {isa = PBXFileReference; lastKnownFileType = image.png; path = bg_for_app.png; sourceTree = "<group>"; };
		909B783216AE4BCB00A2D6D4 /* bg_for_app@2x.png */ = {isa = PBXFileReference; lastKnownFileType = image.png; path = "bg_for_app@2x.png"; sourceTree = "<group>"; };
		909B783616AF89EF00A2D6D4 /* Default@2x.png */ = {isa = PBXFileReference; lastKnownFileType = image.png; path = "Default@2x.png"; sourceTree = "<group>"; };
		909B783816AF8A0B00A2D6D4 /* Default-568h@2x.png */ = {isa = PBXFileReference; lastKnownFileType = image.png; path = "Default-568h@2x.png"; sourceTree = "<group>"; };
		90A71325169BC6B300AD045B /* PLVideoEditButton@2x.png */ = {isa = PBXFileReference; lastKnownFileType = image.png; name = "PLVideoEditButton@2x.png"; path = "../../../Platforms/iPhoneSimulator.platform/Developer/SDKs/iPhoneSimulator5.0.sdk/System/Library/PrivateFrameworks/PhotoLibrary.framework/PLVideoEditButton@2x.png"; sourceTree = "<group>"; };
		90A71328169BC74800AD045B /* PLVideoEditButton.png */ = {isa = PBXFileReference; lastKnownFileType = image.png; name = PLVideoEditButton.png; path = ../../../Platforms/iPhoneSimulator.platform/Developer/SDKs/iPhoneSimulator5.0.sdk/System/Library/PrivateFrameworks/PhotoLibrary.framework/PLVideoEditButton.png; sourceTree = "<group>"; };
		90A7132A169BC99400AD045B /* Video-play-button.png */ = {isa = PBXFileReference; lastKnownFileType = image.png; name = "Video-play-button.png"; path = "../../../Platforms/iPhoneSimulator.platform/Developer/SDKs/iPhoneSimulator5.0.sdk/System/Library/PrivateFrameworks/ChatKit.framework/Video-play-button.png"; sourceTree = "<group>"; };
		90A7132B169BC99400AD045B /* Video-play-button@2x.png */ = {isa = PBXFileReference; lastKnownFileType = image.png; name = "Video-play-button@2x.png"; path = "../../../Platforms/iPhoneSimulator.platform/Developer/SDKs/iPhoneSimulator5.0.sdk/System/Library/PrivateFrameworks/ChatKit.framework/Video-play-button@2x.png"; sourceTree = "<group>"; };
		90BC2D6516435E650040CBF0 /* Reachability.h */ = {isa = PBXFileReference; fileEncoding = 4; lastKnownFileType = sourcecode.c.h; name = Reachability.h; path = "../../../../Downloads/tonymillion-Reachability-f7176f4/Reachability.h"; sourceTree = "<group>"; };
		90BC2D6616435E650040CBF0 /* Reachability.m */ = {isa = PBXFileReference; fileEncoding = 4; lastKnownFileType = sourcecode.c.objc; name = Reachability.m; path = "../../../../Downloads/tonymillion-Reachability-f7176f4/Reachability.m"; sourceTree = "<group>"; };
		90BC651D163F248600460A55 /* Uploader.h */ = {isa = PBXFileReference; fileEncoding = 4; lastKnownFileType = sourcecode.c.h; path = Uploader.h; sourceTree = "<group>"; };
		90BC651E163F248600460A55 /* Uploader.m */ = {isa = PBXFileReference; fileEncoding = 4; lastKnownFileType = sourcecode.c.objc; path = Uploader.m; sourceTree = "<group>"; };
		90BC6522163F86BD00460A55 /* PublishViewController.h */ = {isa = PBXFileReference; fileEncoding = 4; lastKnownFileType = sourcecode.c.h; path = PublishViewController.h; sourceTree = "<group>"; };
		90BC6523163F86BD00460A55 /* PublishViewController.m */ = {isa = PBXFileReference; fileEncoding = 4; lastKnownFileType = sourcecode.c.objc; path = PublishViewController.m; sourceTree = "<group>"; };
		90BC6524163F86BD00460A55 /* PublishViewController.xib */ = {isa = PBXFileReference; fileEncoding = 4; lastKnownFileType = file.xib; path = PublishViewController.xib; sourceTree = "<group>"; };
		90BC652D1640231E00460A55 /* HomeTableViewController.h */ = {isa = PBXFileReference; fileEncoding = 4; lastKnownFileType = sourcecode.c.h; path = HomeTableViewController.h; sourceTree = "<group>"; };
		90BC652E1640231E00460A55 /* HomeTableViewController.m */ = {isa = PBXFileReference; fileEncoding = 4; lastKnownFileType = sourcecode.c.objc; path = HomeTableViewController.m; sourceTree = "<group>"; };
		90BC652F1640231E00460A55 /* HomeTableViewController.xib */ = {isa = PBXFileReference; fileEncoding = 4; lastKnownFileType = file.xib; path = HomeTableViewController.xib; sourceTree = "<group>"; };
		90BF1187169FCDE0007D6150 /* UIImage+Alpha.h */ = {isa = PBXFileReference; fileEncoding = 4; lastKnownFileType = sourcecode.c.h; path = "UIImage+Alpha.h"; sourceTree = "<group>"; };
		90BF1188169FCDE0007D6150 /* UIImage+Alpha.m */ = {isa = PBXFileReference; fileEncoding = 4; lastKnownFileType = sourcecode.c.objc; path = "UIImage+Alpha.m"; sourceTree = "<group>"; };
		90BF1189169FCDE0007D6150 /* UIImage+Resize.h */ = {isa = PBXFileReference; fileEncoding = 4; lastKnownFileType = sourcecode.c.h; path = "UIImage+Resize.h"; sourceTree = "<group>"; };
		90BF118A169FCDE0007D6150 /* UIImage+Resize.m */ = {isa = PBXFileReference; fileEncoding = 4; lastKnownFileType = sourcecode.c.objc; path = "UIImage+Resize.m"; sourceTree = "<group>"; };
		90BF118B169FCDE0007D6150 /* UIImage+RoundedCorner.h */ = {isa = PBXFileReference; fileEncoding = 4; lastKnownFileType = sourcecode.c.h; path = "UIImage+RoundedCorner.h"; sourceTree = "<group>"; };
		90BF118C169FCDE0007D6150 /* UIImage+RoundedCorner.m */ = {isa = PBXFileReference; fileEncoding = 4; lastKnownFileType = sourcecode.c.objc; path = "UIImage+RoundedCorner.m"; sourceTree = "<group>"; };
		90C6E216169680ED00B507E3 /* QuartzCore.framework */ = {isa = PBXFileReference; lastKnownFileType = wrapper.framework; name = QuartzCore.framework; path = System/Library/Frameworks/QuartzCore.framework; sourceTree = SDKROOT; };
		90C82F63166EE2B000A1D2B9 /* BuildItem.h */ = {isa = PBXFileReference; fileEncoding = 4; lastKnownFileType = sourcecode.c.h; path = BuildItem.h; sourceTree = "<group>"; };
		90C82F64166EE2B000A1D2B9 /* BuildItem.m */ = {isa = PBXFileReference; fileEncoding = 4; lastKnownFileType = sourcecode.c.objc; path = BuildItem.m; sourceTree = "<group>"; };
		90C82F671670629E00A1D2B9 /* rotate-right@2x.png */ = {isa = PBXFileReference; lastKnownFileType = image.png; name = "rotate-right@2x.png"; path = "../../../../Downloads/autreplanete_icons_free_pack/AP_icons/png_black/rotate-right@2x.png"; sourceTree = "<group>"; };
		90C82F681670629E00A1D2B9 /* arrow-down@2x.png */ = {isa = PBXFileReference; lastKnownFileType = image.png; name = "arrow-down@2x.png"; path = "../../../../Downloads/autreplanete_icons_free_pack/AP_icons/png_black/arrow-down@2x.png"; sourceTree = "<group>"; };
		90C82F691670629E00A1D2B9 /* down@2x.png */ = {isa = PBXFileReference; lastKnownFileType = image.png; name = "down@2x.png"; path = "../../../../Downloads/autreplanete_icons_free_pack/AP_icons/png_black/down@2x.png"; sourceTree = "<group>"; };
		90C82F6A1670629E00A1D2B9 /* export@2x.png */ = {isa = PBXFileReference; lastKnownFileType = image.png; name = "export@2x.png"; path = "../../../../Downloads/autreplanete_icons_free_pack/AP_icons/png_black/export@2x.png"; sourceTree = "<group>"; };
		90C82F6B1670629E00A1D2B9 /* arrow-down.png */ = {isa = PBXFileReference; lastKnownFileType = image.png; name = "arrow-down.png"; path = "../../../../Downloads/autreplanete_icons_free_pack/AP_icons/png_black/arrow-down.png"; sourceTree = "<group>"; };
		90C82F6C1670629E00A1D2B9 /* export.png */ = {isa = PBXFileReference; lastKnownFileType = image.png; name = export.png; path = ../../../../Downloads/autreplanete_icons_free_pack/AP_icons/png_black/export.png; sourceTree = "<group>"; };
		90C82F73167062F700A1D2B9 /* rotate-right.png */ = {isa = PBXFileReference; lastKnownFileType = image.png; name = "rotate-right.png"; path = "../../../../Downloads/autreplanete_icons_free_pack/AP_icons/png_black/rotate-right.png"; sourceTree = "<group>"; };
		90C82F751670648800A1D2B9 /* pencil.png */ = {isa = PBXFileReference; lastKnownFileType = image.png; name = pencil.png; path = ../../../../Downloads/autreplanete_icons_free_pack/AP_icons/png_black/pencil.png; sourceTree = "<group>"; };
		90C82F761670648800A1D2B9 /* pencil@2x.png */ = {isa = PBXFileReference; lastKnownFileType = image.png; name = "pencil@2x.png"; path = "../../../../Downloads/autreplanete_icons_free_pack/AP_icons/png_black/pencil@2x.png"; sourceTree = "<group>"; };
		90C82F791670658F00A1D2B9 /* eye-close.png */ = {isa = PBXFileReference; lastKnownFileType = image.png; name = "eye-close.png"; path = "../../../../Downloads/autreplanete_icons_free_pack/AP_icons/png_black/eye-close.png"; sourceTree = "<group>"; };
		90C82F7A1670658F00A1D2B9 /* eye-close@2x.png */ = {isa = PBXFileReference; lastKnownFileType = image.png; name = "eye-close@2x.png"; path = "../../../../Downloads/autreplanete_icons_free_pack/AP_icons/png_black/eye-close@2x.png"; sourceTree = "<group>"; };
		90C82F7B1670658F00A1D2B9 /* eye-open.png */ = {isa = PBXFileReference; lastKnownFileType = image.png; name = "eye-open.png"; path = "../../../../Downloads/autreplanete_icons_free_pack/AP_icons/png_black/eye-open.png"; sourceTree = "<group>"; };
		90C82F7C1670658F00A1D2B9 /* eye-open@2x.png */ = {isa = PBXFileReference; lastKnownFileType = image.png; name = "eye-open@2x.png"; path = "../../../../Downloads/autreplanete_icons_free_pack/AP_icons/png_black/eye-open@2x.png"; sourceTree = "<group>"; };
		90E323101655CD8A0044F233 /* TitleInfoViewController.h */ = {isa = PBXFileReference; fileEncoding = 4; lastKnownFileType = sourcecode.c.h; path = TitleInfoViewController.h; sourceTree = "<group>"; };
		90E323111655CD8A0044F233 /* TitleInfoViewController.m */ = {isa = PBXFileReference; fileEncoding = 4; lastKnownFileType = sourcecode.c.objc; path = TitleInfoViewController.m; sourceTree = "<group>"; };
		90E323121655CD8A0044F233 /* TitleInfoViewController.xib */ = {isa = PBXFileReference; fileEncoding = 4; lastKnownFileType = file.xib; path = TitleInfoViewController.xib; sourceTree = "<group>"; };
		90E3C00D16A110E80004A881 /* cloud-minus@2x.png */ = {isa = PBXFileReference; lastKnownFileType = image.png; path = "cloud-minus@2x.png"; sourceTree = "<group>"; };
		90E3C00E16A110E80004A881 /* cloud-minus.png */ = {isa = PBXFileReference; lastKnownFileType = image.png; path = "cloud-minus.png"; sourceTree = "<group>"; };
/* End PBXFileReference section */

/* Begin PBXFrameworksBuildPhase section */
		903C38B21623C7D1001845FE /* Frameworks */ = {
			isa = PBXFrameworksBuildPhase;
			buildActionMask = 2147483647;
			files = (
				9029375116A1D62F00939839 /* Security.framework in Frameworks */,
				90C6E217169680ED00B507E3 /* QuartzCore.framework in Frameworks */,
				903C39071623C8D4001845FE /* libz.1.2.5.dylib in Frameworks */,
				903C39021623C880001845FE /* MediaPlayer.framework in Frameworks */,
				903C39031623C880001845FE /* MobileCoreServices.framework in Frameworks */,
				903C39041623C880001845FE /* SystemConfiguration.framework in Frameworks */,
				903C39051623C880001845FE /* Twitter.framework in Frameworks */,
				903C38F91623C82C001845FE /* AssetsLibrary.framework in Frameworks */,
				903C38FA1623C82C001845FE /* AVFoundation.framework in Frameworks */,
				903C38FB1623C82C001845FE /* CFNetwork.framework in Frameworks */,
				903C38FC1623C82C001845FE /* CoreImage.framework in Frameworks */,
				903C38FD1623C82C001845FE /* CoreMedia.framework in Frameworks */,
				903C38BE1623C7D1001845FE /* CoreGraphics.framework in Frameworks */,
				903C38BA1623C7D1001845FE /* UIKit.framework in Frameworks */,
				903C38BC1623C7D1001845FE /* Foundation.framework in Frameworks */,
				903C38C01623C7D1001845FE /* CoreData.framework in Frameworks */,
			);
			runOnlyForDeploymentPostprocessing = 0;
		};
		903C38D71623C7D1001845FE /* Frameworks */ = {
			isa = PBXFrameworksBuildPhase;
			buildActionMask = 2147483647;
			files = (
				903C38DD1623C7D1001845FE /* SenTestingKit.framework in Frameworks */,
				903C38DE1623C7D1001845FE /* UIKit.framework in Frameworks */,
				903C38DF1623C7D1001845FE /* Foundation.framework in Frameworks */,
				903C38E01623C7D1001845FE /* CoreData.framework in Frameworks */,
			);
			runOnlyForDeploymentPostprocessing = 0;
		};
/* End PBXFrameworksBuildPhase section */

/* Begin PBXGroup section */
		9029375316A1D6CA00939839 /* Categories */ = {
			isa = PBXGroup;
			children = (
				90BF1187169FCDE0007D6150 /* UIImage+Alpha.h */,
				90BF1188169FCDE0007D6150 /* UIImage+Alpha.m */,
				90BF1189169FCDE0007D6150 /* UIImage+Resize.h */,
				90BF118A169FCDE0007D6150 /* UIImage+Resize.m */,
				90BF118B169FCDE0007D6150 /* UIImage+RoundedCorner.h */,
				90BF118C169FCDE0007D6150 /* UIImage+RoundedCorner.m */,
				90144C53169FA4C50039EEA1 /* UIButton+Color.h */,
				90144C54169FA4C60039EEA1 /* UIButton+Color.m */,
			);
			name = Categories;
			path = ..;
			sourceTree = "<group>";
		};
		9029375416A1D8C700939839 /* AFNetworking */ = {
			isa = PBXGroup;
			children = (
				9029375516A1D8C700939839 /* AFHTTPClient.h */,
				9029375616A1D8C700939839 /* AFHTTPClient.m */,
				9029375716A1D8C700939839 /* AFHTTPRequestOperation.h */,
				9029375816A1D8C700939839 /* AFHTTPRequestOperation.m */,
				9029375916A1D8C700939839 /* AFImageRequestOperation.h */,
				9029375A16A1D8C700939839 /* AFImageRequestOperation.m */,
				9029375B16A1D8C700939839 /* AFJSONRequestOperation.h */,
				9029375C16A1D8C700939839 /* AFJSONRequestOperation.m */,
				9029375D16A1D8C700939839 /* AFNetworkActivityIndicatorManager.h */,
				9029375E16A1D8C700939839 /* AFNetworkActivityIndicatorManager.m */,
				9029375F16A1D8C700939839 /* AFNetworking.h */,
				9029376016A1D8C700939839 /* AFPropertyListRequestOperation.h */,
				9029376116A1D8C700939839 /* AFPropertyListRequestOperation.m */,
				9029376216A1D8C700939839 /* AFURLConnectionOperation.h */,
				9029376316A1D8C700939839 /* AFURLConnectionOperation.m */,
				9029376416A1D8C700939839 /* AFXMLRequestOperation.h */,
				9029376516A1D8C700939839 /* AFXMLRequestOperation.m */,
				9029376616A1D8C700939839 /* UIImageView+AFNetworking.h */,
				9029376716A1D8C700939839 /* UIImageView+AFNetworking.m */,
			);
			name = AFNetworking;
			path = ITM_version_0.0.1/AFNetworking;
			sourceTree = "<group>";
		};
		903C38AA1623C7D1001845FE = {
			isa = PBXGroup;
			children = (
				909B783816AF8A0B00A2D6D4 /* Default-568h@2x.png */,
				9029375416A1D8C700939839 /* AFNetworking */,
				909B783616AF89EF00A2D6D4 /* Default@2x.png */,
				900F3F6316953862007A8986 /* Default.png */,
				900F3F611695383D007A8986 /* Icon@2x.png */,
				900F3F5F16953831007A8986 /* Icon.png */,
				903C39111623C97C001845FE /* Utilities.h */,
				903C39121623C97C001845FE /* Utilities.m */,
				903C39131623C97C001845FE /* MainEditorViewController.h */,
				903C39141623C97C001845FE /* MainEditorViewController.m */,
				903C39151623C97C001845FE /* MainEditorViewController.xib */,
				903C39161623C97C001845FE /* PreviewImage.h */,
				903C39171623C97C001845FE /* PreviewImage.m */,
				9013C7BE162CE3D600C5ACA4 /* ImageEditor.h */,
				9026EECE168421A1004A63B9 /* HomeTableCell.h */,
				9026EED1168421E2004A63B9 /* HomeTableCell.xib */,
				9026EECF168421A1004A63B9 /* HomeTableCell.m */,
				9013C7C0162CEACF00C5ACA4 /* CaptureViewController.h */,
				9013C7C1162CEACF00C5ACA4 /* CaptureViewController.m */,
				9013C7C2162CEACF00C5ACA4 /* CaptureViewController.xib */,
				90470B1C16349A51004435FE /* MainNavViewController.h */,
				90470B1D16349A51004435FE /* MainNavViewController.m */,
				903C38C11623C7D1001845FE /* ITM_version_0.0.1 */,
				903C38E31623C7D1001845FE /* ITM_version_0.0.1Tests */,
				903C38B81623C7D1001845FE /* Frameworks */,
				903C38B61623C7D1001845FE /* Products */,
			);
			sourceTree = "<group>";
		};
		903C38B61623C7D1001845FE /* Products */ = {
			isa = PBXGroup;
			children = (
				903C38B51623C7D1001845FE /* ITM_version_0.0.1.app */,
				903C38DB1623C7D1001845FE /* ITM_version_0.0.1Tests.octest */,
			);
			name = Products;
			sourceTree = "<group>";
		};
		903C38B81623C7D1001845FE /* Frameworks */ = {
			isa = PBXGroup;
			children = (
				90C6E216169680ED00B507E3 /* QuartzCore.framework */,
				903C39061623C8D4001845FE /* libz.1.2.5.dylib */,
				9029375016A1D62F00939839 /* Security.framework */,
				903C38FE1623C880001845FE /* MediaPlayer.framework */,
				903C38FF1623C880001845FE /* MobileCoreServices.framework */,
				903C39001623C880001845FE /* SystemConfiguration.framework */,
				903C39011623C880001845FE /* Twitter.framework */,
				903C38F41623C82C001845FE /* AssetsLibrary.framework */,
				903C38F51623C82C001845FE /* AVFoundation.framework */,
				903C38F61623C82C001845FE /* CFNetwork.framework */,
				903C38F71623C82C001845FE /* CoreImage.framework */,
				903C38F81623C82C001845FE /* CoreMedia.framework */,
				903C38B91623C7D1001845FE /* UIKit.framework */,
				903C38BB1623C7D1001845FE /* Foundation.framework */,
				903C38BD1623C7D1001845FE /* CoreGraphics.framework */,
				903C38BF1623C7D1001845FE /* CoreData.framework */,
				903C38DC1623C7D1001845FE /* SenTestingKit.framework */,
			);
			name = Frameworks;
			sourceTree = "<group>";
		};
		903C38C11623C7D1001845FE /* ITM_version_0.0.1 */ = {
			isa = PBXGroup;
			children = (
				9029375316A1D6CA00939839 /* Categories */,
				90402743167978E30053A389 /* TextEntryViewController.h */,
				90402744167978E30053A389 /* TextEntryViewController.m */,
				90402745167978E30053A389 /* TextEntryViewController.xib */,
				90E323101655CD8A0044F233 /* TitleInfoViewController.h */,
				90E323111655CD8A0044F233 /* TitleInfoViewController.m */,
				90E323121655CD8A0044F233 /* TitleInfoViewController.xib */,
				9029377916A232F000939839 /* LoginViewController.h */,
				9029377A16A232F000939839 /* LoginViewController.m */,
				9029377B16A232F000939839 /* LoginViewController.xib */,
				903C38CA1623C7D1001845FE /* AppDelegate.h */,
				903C38CB1623C7D1001845FE /* AppDelegate.m */,
				9068FB3216C1ED340061C288 /* ITMServiceClient.h */,
				9068FB3316C1ED340061C288 /* ITMServiceClient.m */,
				90BC2D6516435E650040CBF0 /* Reachability.h */,
				90BC2D6616435E650040CBF0 /* Reachability.m */,
				90BC652D1640231E00460A55 /* HomeTableViewController.h */,
				90BC652E1640231E00460A55 /* HomeTableViewController.m */,
				90BC652F1640231E00460A55 /* HomeTableViewController.xib */,
				90BC6522163F86BD00460A55 /* PublishViewController.h */,
				90BC6523163F86BD00460A55 /* PublishViewController.m */,
				90BC6524163F86BD00460A55 /* PublishViewController.xib */,
				90BC651D163F248600460A55 /* Uploader.h */,
				90BC651E163F248600460A55 /* Uploader.m */,
				903C3940162506E1001845FE /* core data */,
				903C38C21623C7D1001845FE /* Supporting Files */,
			);
			path = ITM_version_0.0.1;
			sourceTree = "<group>";
		};
		903C38C21623C7D1001845FE /* Supporting Files */ = {
			isa = PBXGroup;
			children = (
				90144C3F169E69DB0039EEA1 /* add_after.png */,
				90144C40169E69DB0039EEA1 /* add_after@2x.png */,
				90144C41169E69DB0039EEA1 /* add_before.png */,
				90144C42169E69DB0039EEA1 /* add_before@2x.png */,
				908BCB2C167ED5C0003C61CD /* addcontactpressed.png */,
				908BCB2D167ED5C0003C61CD /* addcontactpressed@2x.png */,
				9040274F167C22BB0053A389 /* ambientlightblue-300x115.jpg */,
				9059FA6B168D631200BAE222 /* ambientlightblue-320x90.png */,
				90C82F6B1670629E00A1D2B9 /* arrow-down.png */,
				90C82F681670629E00A1D2B9 /* arrow-down@2x.png */,
				9017240C169951A3007C37B0 /* background00.png */,
				9017240516992F2C007C37B0 /* bg_img_1.jpg */,
				901BD886163E26DC008721C3 /* camera.png */,
				901BD882163E26C3008721C3 /* camera@2x.png */,
				90144C18169D1DBF0039EEA1 /* circle-up2.png */,
				90144C17169D1DBF0039EEA1 /* circle-up2@2x.png */,
				901BD887163E26DC008721C3 /* clapboard.png */,
				901BD883163E26C3008721C3 /* clapboard@2x.png */,
				90E3C00E16A110E80004A881 /* cloud-minus.png */,
				90E3C00D16A110E80004A881 /* cloud-minus@2x.png */,
				903C38D11623C7D1001845FE /* Default-568h@2x.png */,
				903C38CD1623C7D1001845FE /* Default.png */,
				903C38CF1623C7D1001845FE /* Default@2x.png */,
				909B783116AE4BCB00A2D6D4 /* bg_for_app.png */,
				909B783216AE4BCB00A2D6D4 /* bg_for_app@2x.png */,
				90144C1B169D34060039EEA1 /* delete.png */,
				90144C1C169D34060039EEA1 /* delete@2x.png */,
				90144C3D169E5D240039EEA1 /* deleteIcon.png */,
				90144C37169E5CD20039EEA1 /* deleteIcon@2x.png */,
				90144C1D169D34060039EEA1 /* deletepressed.png */,
				90144C1E169D34060039EEA1 /* deletepressed@2x.png */,
				90C82F691670629E00A1D2B9 /* down@2x.png */,
				90144C38169E5CD20039EEA1 /* editIcon.png */,
				90144C39169E5CD20039EEA1 /* editIcon@2x.png */,
				90C82F6C1670629E00A1D2B9 /* export.png */,
				90C82F6A1670629E00A1D2B9 /* export@2x.png */,
				90C82F791670658F00A1D2B9 /* eye-close.png */,
				90C82F7A1670658F00A1D2B9 /* eye-close@2x.png */,
				90C82F7B1670658F00A1D2B9 /* eye-open.png */,
				90C82F7C1670658F00A1D2B9 /* eye-open@2x.png */,
				9059FA72168D67AB00BAE222 /* file-info.png */,
				9059FA73168D67AB00BAE222 /* file-info@2x.png */,
				901BD88E163E284A008721C3 /* floppy_disc.png */,
				901BD88A163E282A008721C3 /* floppy_disc@2x.png */,
				901BD88F163E284A008721C3 /* folder.png */,
				901BD88B163E282A008721C3 /* folder@2x.png */,
				90144C48169E6A2D0039EEA1 /* hammer-square.png */,
				90144C47169E6A2D0039EEA1 /* hammer-square@2x.png */,
				90402750167C22BB0053A389 /* hrdarkblue.jpg */,
				900F3F4A169537C6007A8986 /* Icon-72.png */,
				900F3F4B169537C6007A8986 /* Icon-72@2x.png */,
				900F3F4C169537C6007A8986 /* Icon-Small-50.png */,
				900F3F4D169537C6007A8986 /* Icon-Small-50@2x.png */,
				900F3F4E169537C6007A8986 /* Icon-Small.png */,
				900F3F4F169537C6007A8986 /* Icon-Small@2x.png */,
				900F3F50169537C6007A8986 /* Icon.png */,
				900F3F51169537C6007A8986 /* Icon@2x.png */,
				9017240E1699521F007C37B0 /* infoBG.png */,
				903C38C41623C7D1001845FE /* InfoPlist.strings */,
				9017240616992F2C007C37B0 /* iosBG.jpg */,
				903C39101623C97C001845FE /* ITM_v0.jpg */,
				903C38C31623C7D1001845FE /* ITM_version_0.0.1-Info.plist */,
				903C38C91623C7D1001845FE /* ITM_version_0.0.1-Prefix.pch */,
				900F3F52169537C6007A8986 /* iTunesArtwork.png */,
				900F3F53169537C6007A8986 /* iTunesArtwork@2x.png */,
				90240AFC168F8B5A00B68EBC /* lock.png */,
				90240AFB168F8B5A00B68EBC /* lock@2x.png */,
				903C38C71623C7D1001845FE /* main.m */,
				90402751167C22BB0053A389 /* multicolored-300x115.jpg */,
				9026EEC816801652004A63B9 /* mysteriousblue-300x45.png */,
				908BCB30167EDC83003C61CD /* mysteriousblue-300x50.png */,
				9059FA6E168D675D00BAE222 /* notepad2.png */,
				9059FA6F168D675D00BAE222 /* notepad2@2x.png */,
				90C82F751670648800A1D2B9 /* pencil.png */,
				90C82F761670648800A1D2B9 /* pencil@2x.png */,
				9026EECA16802432004A63B9 /* placeholder1.jpg */,
				9026EECC1680299D004A63B9 /* placeholder2.jpg */,
				903C39381623DBA9001845FE /* placeholder_1.jpg */,
				901BD892163E334C008721C3 /* plus.png */,
				901BD894163E336A008721C3 /* plus@2x.png */,
				90A71328169BC74800AD045B /* PLVideoEditButton.png */,
				90A71325169BC6B300AD045B /* PLVideoEditButton@2x.png */,
				90C82F73167062F700A1D2B9 /* rotate-right.png */,
				90C82F671670629E00A1D2B9 /* rotate-right@2x.png */,
				9040274D167C227E0053A389 /* rounded_placeholder.png */,
				90144C4B169E75890039EEA1 /* rounded_placeholderNew.png */,
				90172412169A9751007C37B0 /* separator.png */,
				9017240716992F2C007C37B0 /* total_bg.jpg */,
				90144C24169D38440039EEA1 /* trash.png */,
				90144C23169D38440039EEA1 /* trash@2x.png */,
				9068FDAA1693831700217D80 /* TrustedCheckmark.png */,
				9068FDAB1693831700217D80 /* TrustedCheckmark@2x.png */,
				90172410169A92E6007C37B0 /* uiglassbutton-template.png */,
				90240AF8168EA27200B68EBC /* vert.png */,
				90A7132A169BC99400AD045B /* Video-play-button.png */,
				90A7132B169BC99400AD045B /* Video-play-button@2x.png */,
			);
			name = "Supporting Files";
			sourceTree = "<group>";
		};
		903C38E31623C7D1001845FE /* ITM_version_0.0.1Tests */ = {
			isa = PBXGroup;
			children = (
				903C39351623D7B9001845FE /* MainEditorViewControllerTests.h */,
				903C39361623D7B9001845FE /* MainEditorViewControllerTests.m */,
				903C39321623CA09001845FE /* PreviewImageTest.h */,
				903C39331623CA09001845FE /* PreviewImageTest.m */,
				903C392C1623C9E3001845FE /* ImageResizeTest.h */,
				903C392D1623C9E3001845FE /* ImageResizeTest.m */,
				903C38E91623C7D1001845FE /* ITM_version_0_0_1Tests.h */,
				903C38EA1623C7D1001845FE /* ITM_version_0_0_1Tests.m */,
				903C38E41623C7D1001845FE /* Supporting Files */,
			);
			path = ITM_version_0.0.1Tests;
			sourceTree = "<group>";
		};
		903C38E41623C7D1001845FE /* Supporting Files */ = {
			isa = PBXGroup;
			children = (
				903C38E51623C7D1001845FE /* ITM_version_0.0.1Tests-Info.plist */,
				903C38E61623C7D1001845FE /* InfoPlist.strings */,
			);
			name = "Supporting Files";
			sourceTree = "<group>";
		};
		903C3940162506E1001845FE /* core data */ = {
			isa = PBXGroup;
			children = (
				903C38D31623C7D1001845FE /* ITM_version_0_0_1.xcdatamodeld */,
				900FE4D216ACE91D001F08D0 /* Build.h */,
				900FE4D316ACE91D001F08D0 /* Build.m */,
				90C82F63166EE2B000A1D2B9 /* BuildItem.h */,
				90C82F64166EE2B000A1D2B9 /* BuildItem.m */,
			);
			name = "core data";
			sourceTree = "<group>";
		};
/* End PBXGroup section */

/* Begin PBXNativeTarget section */
		903C38B41623C7D1001845FE /* ITM_version_0.0.1 */ = {
			isa = PBXNativeTarget;
			buildConfigurationList = 903C38EE1623C7D1001845FE /* Build configuration list for PBXNativeTarget "ITM_version_0.0.1" */;
			buildPhases = (
				903C38B11623C7D1001845FE /* Sources */,
				903C38B21623C7D1001845FE /* Frameworks */,
				903C38B31623C7D1001845FE /* Resources */,
			);
			buildRules = (
			);
			dependencies = (
			);
			name = ITM_version_0.0.1;
			productName = ITM_version_0.0.1;
			productReference = 903C38B51623C7D1001845FE /* ITM_version_0.0.1.app */;
			productType = "com.apple.product-type.application";
		};
		903C38DA1623C7D1001845FE /* ITM_version_0.0.1Tests */ = {
			isa = PBXNativeTarget;
			buildConfigurationList = 903C38F11623C7D1001845FE /* Build configuration list for PBXNativeTarget "ITM_version_0.0.1Tests" */;
			buildPhases = (
				903C38D61623C7D1001845FE /* Sources */,
				903C38D71623C7D1001845FE /* Frameworks */,
				903C38D81623C7D1001845FE /* Resources */,
				903C38D91623C7D1001845FE /* ShellScript */,
			);
			buildRules = (
			);
			dependencies = (
				903C38E21623C7D1001845FE /* PBXTargetDependency */,
			);
			name = ITM_version_0.0.1Tests;
			productName = ITM_version_0.0.1Tests;
			productReference = 903C38DB1623C7D1001845FE /* ITM_version_0.0.1Tests.octest */;
			productType = "com.apple.product-type.bundle";
		};
/* End PBXNativeTarget section */

/* Begin PBXProject section */
		903C38AC1623C7D1001845FE /* Project object */ = {
			isa = PBXProject;
			attributes = {
				LastUpgradeCheck = 0450;
				ORGANIZATIONNAME = "Ben Bonnet";
			};
			buildConfigurationList = 903C38AF1623C7D1001845FE /* Build configuration list for PBXProject "ITM_version_0.0.1" */;
			compatibilityVersion = "Xcode 3.2";
			developmentRegion = English;
			hasScannedForEncodings = 0;
			knownRegions = (
				en,
			);
			mainGroup = 903C38AA1623C7D1001845FE;
			productRefGroup = 903C38B61623C7D1001845FE /* Products */;
			projectDirPath = "";
			projectRoot = "";
			targets = (
				903C38B41623C7D1001845FE /* ITM_version_0.0.1 */,
				903C38DA1623C7D1001845FE /* ITM_version_0.0.1Tests */,
			);
		};
/* End PBXProject section */

/* Begin PBXResourcesBuildPhase section */
		903C38B31623C7D1001845FE /* Resources */ = {
			isa = PBXResourcesBuildPhase;
			buildActionMask = 2147483647;
			files = (
				903C394A16267376001845FE /* placeholder_1.jpg in Resources */,
				903C38C61623C7D1001845FE /* InfoPlist.strings in Resources */,
				903C38CE1623C7D1001845FE /* Default.png in Resources */,
				903C38D01623C7D1001845FE /* Default@2x.png in Resources */,
				903C38D21623C7D1001845FE /* Default-568h@2x.png in Resources */,
				903C39221623C97C001845FE /* ITM_v0.jpg in Resources */,
				903C39281623C97C001845FE /* MainEditorViewController.xib in Resources */,
				9013C7C4162CEACF00C5ACA4 /* CaptureViewController.xib in Resources */,
				901BD884163E26C3008721C3 /* camera@2x.png in Resources */,
				901BD885163E26C3008721C3 /* clapboard@2x.png in Resources */,
				901BD888163E26DC008721C3 /* camera.png in Resources */,
				901BD889163E26DC008721C3 /* clapboard.png in Resources */,
				901BD88C163E282A008721C3 /* floppy_disc@2x.png in Resources */,
				901BD88D163E282A008721C3 /* folder@2x.png in Resources */,
				901BD890163E284A008721C3 /* floppy_disc.png in Resources */,
				901BD891163E284A008721C3 /* folder.png in Resources */,
				901BD893163E334C008721C3 /* plus.png in Resources */,
				901BD895163E336A008721C3 /* plus@2x.png in Resources */,
				90BC6526163F86BD00460A55 /* PublishViewController.xib in Resources */,
				90BC65311640231F00460A55 /* HomeTableViewController.xib in Resources */,
				90E323141655CD8A0044F233 /* TitleInfoViewController.xib in Resources */,
				90C82F6D1670629E00A1D2B9 /* rotate-right@2x.png in Resources */,
				90C82F6E1670629E00A1D2B9 /* arrow-down@2x.png in Resources */,
				90C82F6F1670629E00A1D2B9 /* down@2x.png in Resources */,
				90C82F701670629E00A1D2B9 /* export@2x.png in Resources */,
				90C82F711670629E00A1D2B9 /* arrow-down.png in Resources */,
				90C82F721670629E00A1D2B9 /* export.png in Resources */,
				90C82F74167062F700A1D2B9 /* rotate-right.png in Resources */,
				90C82F771670648800A1D2B9 /* pencil.png in Resources */,
				90C82F781670648800A1D2B9 /* pencil@2x.png in Resources */,
				90C82F7D1670658F00A1D2B9 /* eye-close.png in Resources */,
				90C82F7E1670658F00A1D2B9 /* eye-close@2x.png in Resources */,
				90C82F7F1670658F00A1D2B9 /* eye-open.png in Resources */,
				90C82F801670658F00A1D2B9 /* eye-open@2x.png in Resources */,
				90402747167978E30053A389 /* TextEntryViewController.xib in Resources */,
				9040274E167C227E0053A389 /* rounded_placeholder.png in Resources */,
				90402753167C22BB0053A389 /* ambientlightblue-300x115.jpg in Resources */,
				90402754167C22BB0053A389 /* hrdarkblue.jpg in Resources */,
				90402755167C22BB0053A389 /* multicolored-300x115.jpg in Resources */,
				908BCB2E167ED5C0003C61CD /* addcontactpressed.png in Resources */,
				908BCB2F167ED5C0003C61CD /* addcontactpressed@2x.png in Resources */,
				908BCB31167EDC83003C61CD /* mysteriousblue-300x50.png in Resources */,
				9026EEC916801652004A63B9 /* mysteriousblue-300x45.png in Resources */,
				9026EECB16802432004A63B9 /* placeholder1.jpg in Resources */,
				9026EECD1680299D004A63B9 /* placeholder2.jpg in Resources */,
				9026EED2168421E2004A63B9 /* HomeTableCell.xib in Resources */,
				9059FA6C168D631200BAE222 /* ambientlightblue-320x90.png in Resources */,
				9059FA70168D675D00BAE222 /* notepad2.png in Resources */,
				9059FA71168D675D00BAE222 /* notepad2@2x.png in Resources */,
				9059FA74168D67AB00BAE222 /* file-info.png in Resources */,
				9059FA75168D67AB00BAE222 /* file-info@2x.png in Resources */,
				90240AF9168EA27200B68EBC /* vert.png in Resources */,
				90240AFD168F8B5A00B68EBC /* lock@2x.png in Resources */,
				90240AFE168F8B5A00B68EBC /* lock.png in Resources */,
				9068FDAC1693831700217D80 /* TrustedCheckmark.png in Resources */,
				9068FDAD1693831700217D80 /* TrustedCheckmark@2x.png in Resources */,
				900F3F54169537C6007A8986 /* Icon-72.png in Resources */,
				900F3F55169537C6007A8986 /* Icon-72@2x.png in Resources */,
				900F3F56169537C6007A8986 /* Icon-Small-50.png in Resources */,
				900F3F57169537C6007A8986 /* Icon-Small-50@2x.png in Resources */,
				900F3F58169537C6007A8986 /* Icon-Small.png in Resources */,
				900F3F59169537C6007A8986 /* Icon-Small@2x.png in Resources */,
				900F3F5A169537C6007A8986 /* Icon.png in Resources */,
				900F3F5B169537C6007A8986 /* Icon@2x.png in Resources */,
				900F3F5C169537C6007A8986 /* iTunesArtwork.png in Resources */,
				900F3F5D169537C6007A8986 /* iTunesArtwork@2x.png in Resources */,
				900F3F6016953831007A8986 /* Icon.png in Resources */,
				900F3F621695383D007A8986 /* Icon@2x.png in Resources */,
				900F3F6416953862007A8986 /* Default.png in Resources */,
				9017240816992F2C007C37B0 /* bg_img_1.jpg in Resources */,
				9017240916992F2C007C37B0 /* iosBG.jpg in Resources */,
				9017240A16992F2C007C37B0 /* total_bg.jpg in Resources */,
				9017240D169951A5007C37B0 /* background00.png in Resources */,
				9017240F16995220007C37B0 /* infoBG.png in Resources */,
				90172411169A92E7007C37B0 /* uiglassbutton-template.png in Resources */,
				90172413169A9752007C37B0 /* separator.png in Resources */,
				90A71326169BC6B400AD045B /* PLVideoEditButton@2x.png in Resources */,
				90A71329169BC74800AD045B /* PLVideoEditButton.png in Resources */,
				90A7132C169BC99500AD045B /* Video-play-button.png in Resources */,
				90A7132D169BC99500AD045B /* Video-play-button@2x.png in Resources */,
				90144C19169D1DBF0039EEA1 /* circle-up2@2x.png in Resources */,
				90144C1A169D1DBF0039EEA1 /* circle-up2.png in Resources */,
				90144C1F169D34060039EEA1 /* delete.png in Resources */,
				90144C20169D34060039EEA1 /* delete@2x.png in Resources */,
				90144C21169D34060039EEA1 /* deletepressed.png in Resources */,
				90144C22169D34060039EEA1 /* deletepressed@2x.png in Resources */,
				90144C25169D38440039EEA1 /* trash@2x.png in Resources */,
				90144C26169D38440039EEA1 /* trash.png in Resources */,
				90144C3A169E5CD20039EEA1 /* deleteIcon@2x.png in Resources */,
				90144C3B169E5CD20039EEA1 /* editIcon.png in Resources */,
				90144C3C169E5CD20039EEA1 /* editIcon@2x.png in Resources */,
				90144C3E169E5D240039EEA1 /* deleteIcon.png in Resources */,
				90144C43169E69DB0039EEA1 /* add_after.png in Resources */,
				90144C44169E69DB0039EEA1 /* add_after@2x.png in Resources */,
				90144C45169E69DB0039EEA1 /* add_before.png in Resources */,
				90144C46169E69DB0039EEA1 /* add_before@2x.png in Resources */,
				90144C49169E6A2D0039EEA1 /* hammer-square@2x.png in Resources */,
				90144C4A169E6A2D0039EEA1 /* hammer-square.png in Resources */,
				90144C4C169E75890039EEA1 /* rounded_placeholderNew.png in Resources */,
				90E3C00F16A110E80004A881 /* cloud-minus@2x.png in Resources */,
				90E3C01016A110E80004A881 /* cloud-minus.png in Resources */,
				9029377D16A232F000939839 /* LoginViewController.xib in Resources */,
				909B783316AE4BCB00A2D6D4 /* bg_for_app.png in Resources */,
				909B783416AE4BCB00A2D6D4 /* bg_for_app@2x.png in Resources */,
				909B783716AF89EF00A2D6D4 /* Default@2x.png in Resources */,
				909B783916AF8A0B00A2D6D4 /* Default-568h@2x.png in Resources */,
			);
			runOnlyForDeploymentPostprocessing = 0;
		};
		903C38D81623C7D1001845FE /* Resources */ = {
			isa = PBXResourcesBuildPhase;
			buildActionMask = 2147483647;
			files = (
				903C38E81623C7D1001845FE /* InfoPlist.strings in Resources */,
				903C39231623C97C001845FE /* ITM_v0.jpg in Resources */,
				903C39291623C97C001845FE /* MainEditorViewController.xib in Resources */,
				903C39391623DBA9001845FE /* placeholder_1.jpg in Resources */,
			);
			runOnlyForDeploymentPostprocessing = 0;
		};
/* End PBXResourcesBuildPhase section */

/* Begin PBXShellScriptBuildPhase section */
		903C38D91623C7D1001845FE /* ShellScript */ = {
			isa = PBXShellScriptBuildPhase;
			buildActionMask = 2147483647;
			files = (
			);
			inputPaths = (
			);
			outputPaths = (
			);
			runOnlyForDeploymentPostprocessing = 0;
			shellPath = /bin/sh;
			shellScript = "# Run the unit tests in this test bundle.\n\"${SYSTEM_DEVELOPER_DIR}/Tools/RunUnitTests\"\n";
		};
/* End PBXShellScriptBuildPhase section */

/* Begin PBXSourcesBuildPhase section */
		903C38B11623C7D1001845FE /* Sources */ = {
			isa = PBXSourcesBuildPhase;
			buildActionMask = 2147483647;
			files = (
				903C38C81623C7D1001845FE /* main.m in Sources */,
				903C38CC1623C7D1001845FE /* AppDelegate.m in Sources */,
				903C38D51623C7D1001845FE /* ITM_version_0_0_1.xcdatamodeld in Sources */,
				903C39241623C97C001845FE /* Utilities.m in Sources */,
				903C39261623C97C001845FE /* MainEditorViewController.m in Sources */,
				903C392A1623C97C001845FE /* PreviewImage.m in Sources */,
				9013C7C3162CEACF00C5ACA4 /* CaptureViewController.m in Sources */,
				90470B1E16349A51004435FE /* MainNavViewController.m in Sources */,
				90BC651F163F248600460A55 /* Uploader.m in Sources */,
				90BC6525163F86BD00460A55 /* PublishViewController.m in Sources */,
				90BC65301640231F00460A55 /* HomeTableViewController.m in Sources */,
				90BC2D6716435E650040CBF0 /* Reachability.m in Sources */,
				90E323131655CD8A0044F233 /* TitleInfoViewController.m in Sources */,
				90C82F65166EE2B000A1D2B9 /* BuildItem.m in Sources */,
				90402746167978E30053A389 /* TextEntryViewController.m in Sources */,
				9026EED0168421A1004A63B9 /* HomeTableCell.m in Sources */,
				90144C55169FA4C60039EEA1 /* UIButton+Color.m in Sources */,
				90BF118D169FCDE0007D6150 /* UIImage+Alpha.m in Sources */,
				90BF118E169FCDE0007D6150 /* UIImage+Resize.m in Sources */,
				90BF118F169FCDE0007D6150 /* UIImage+RoundedCorner.m in Sources */,
				9029376816A1D8C700939839 /* AFHTTPClient.m in Sources */,
				9029376916A1D8C700939839 /* AFHTTPRequestOperation.m in Sources */,
				9029376A16A1D8C700939839 /* AFImageRequestOperation.m in Sources */,
				9029376B16A1D8C700939839 /* AFJSONRequestOperation.m in Sources */,
				9029376C16A1D8C700939839 /* AFNetworkActivityIndicatorManager.m in Sources */,
				9029376D16A1D8C700939839 /* AFPropertyListRequestOperation.m in Sources */,
				9029376E16A1D8C700939839 /* AFURLConnectionOperation.m in Sources */,
				9029376F16A1D8C700939839 /* AFXMLRequestOperation.m in Sources */,
				9029377016A1D8C700939839 /* UIImageView+AFNetworking.m in Sources */,
				9029377C16A232F000939839 /* LoginViewController.m in Sources */,
				900FE4D416ACE91D001F08D0 /* Build.m in Sources */,
				9068FB3416C1ED340061C288 /* ITMServiceClient.m in Sources */,
			);
			runOnlyForDeploymentPostprocessing = 0;
		};
		903C38D61623C7D1001845FE /* Sources */ = {
			isa = PBXSourcesBuildPhase;
			buildActionMask = 2147483647;
			files = (
				903C38EB1623C7D1001845FE /* ITM_version_0_0_1Tests.m in Sources */,
				903C39251623C97C001845FE /* Utilities.m in Sources */,
				903C39271623C97C001845FE /* MainEditorViewController.m in Sources */,
				903C392B1623C97C001845FE /* PreviewImage.m in Sources */,
				903C39301623C9E3001845FE /* ImageResizeTest.m in Sources */,
				903C39341623CA09001845FE /* PreviewImageTest.m in Sources */,
				903C39371623D7B9001845FE /* MainEditorViewControllerTests.m in Sources */,
			);
			runOnlyForDeploymentPostprocessing = 0;
		};
/* End PBXSourcesBuildPhase section */

/* Begin PBXTargetDependency section */
		903C38E21623C7D1001845FE /* PBXTargetDependency */ = {
			isa = PBXTargetDependency;
			target = 903C38B41623C7D1001845FE /* ITM_version_0.0.1 */;
			targetProxy = 903C38E11623C7D1001845FE /* PBXContainerItemProxy */;
		};
/* End PBXTargetDependency section */

/* Begin PBXVariantGroup section */
		903C38C41623C7D1001845FE /* InfoPlist.strings */ = {
			isa = PBXVariantGroup;
			children = (
				903C38C51623C7D1001845FE /* en */,
			);
			name = InfoPlist.strings;
			sourceTree = "<group>";
		};
		903C38E61623C7D1001845FE /* InfoPlist.strings */ = {
			isa = PBXVariantGroup;
			children = (
				903C38E71623C7D1001845FE /* en */,
			);
			name = InfoPlist.strings;
			sourceTree = "<group>";
		};
/* End PBXVariantGroup section */

/* Begin XCBuildConfiguration section */
		903C38EC1623C7D1001845FE /* Debug */ = {
			isa = XCBuildConfiguration;
			buildSettings = {
				ALWAYS_SEARCH_USER_PATHS = NO;
				CLANG_CXX_LANGUAGE_STANDARD = "gnu++0x";
				CLANG_CXX_LIBRARY = "libc++";
				CLANG_ENABLE_OBJC_ARC = YES;
				CLANG_WARN_EMPTY_BODY = YES;
				CLANG_WARN__DUPLICATE_METHOD_MATCH = YES;
				"CODE_SIGN_IDENTITY[sdk=iphoneos*]" = "iPhone Developer";
				COPY_PHASE_STRIP = NO;
				GCC_C_LANGUAGE_STANDARD = gnu99;
				GCC_DYNAMIC_NO_PIC = NO;
				GCC_OPTIMIZATION_LEVEL = 0;
				GCC_PREPROCESSOR_DEFINITIONS = (
					"DEBUG=1",
					"$(inherited)",
				);
				GCC_SYMBOLS_PRIVATE_EXTERN = NO;
				GCC_WARN_ABOUT_RETURN_TYPE = YES;
				GCC_WARN_UNINITIALIZED_AUTOS = YES;
				GCC_WARN_UNUSED_VARIABLE = YES;
				IPHONEOS_DEPLOYMENT_TARGET = 6.0;
				OTHER_LDFLAGS = "";
				SDKROOT = iphoneos;
			};
			name = Debug;
		};
		903C38ED1623C7D1001845FE /* Release */ = {
			isa = XCBuildConfiguration;
			buildSettings = {
				ALWAYS_SEARCH_USER_PATHS = NO;
				CLANG_CXX_LANGUAGE_STANDARD = "gnu++0x";
				CLANG_CXX_LIBRARY = "libc++";
				CLANG_ENABLE_OBJC_ARC = YES;
				CLANG_WARN_EMPTY_BODY = YES;
				CLANG_WARN__DUPLICATE_METHOD_MATCH = YES;
				"CODE_SIGN_IDENTITY[sdk=iphoneos*]" = "iPhone Developer";
				COPY_PHASE_STRIP = YES;
				GCC_C_LANGUAGE_STANDARD = gnu99;
				GCC_WARN_ABOUT_RETURN_TYPE = YES;
				GCC_WARN_UNINITIALIZED_AUTOS = YES;
				GCC_WARN_UNUSED_VARIABLE = YES;
				IPHONEOS_DEPLOYMENT_TARGET = 6.0;
				OTHER_CFLAGS = "-DNS_BLOCK_ASSERTIONS=1";
				OTHER_LDFLAGS = "";
				SDKROOT = iphoneos;
				VALIDATE_PRODUCT = YES;
			};
			name = Release;
		};
		903C38EF1623C7D1001845FE /* Debug */ = {
			isa = XCBuildConfiguration;
			buildSettings = {
				GCC_PRECOMPILE_PREFIX_HEADER = YES;
				GCC_PREFIX_HEADER = "ITM_version_0.0.1/ITM_version_0.0.1-Prefix.pch";
				INFOPLIST_FILE = "ITM_version_0.0.1/ITM_version_0.0.1-Info.plist";
				PRODUCT_NAME = "$(TARGET_NAME)";
				WRAPPER_EXTENSION = app;
			};
			name = Debug;
		};
		903C38F01623C7D1001845FE /* Release */ = {
			isa = XCBuildConfiguration;
			buildSettings = {
				GCC_PRECOMPILE_PREFIX_HEADER = YES;
				GCC_PREFIX_HEADER = "ITM_version_0.0.1/ITM_version_0.0.1-Prefix.pch";
				INFOPLIST_FILE = "ITM_version_0.0.1/ITM_version_0.0.1-Info.plist";
				PRODUCT_NAME = "$(TARGET_NAME)";
				WRAPPER_EXTENSION = app;
			};
			name = Release;
		};
		903C38F21623C7D1001845FE /* Debug */ = {
			isa = XCBuildConfiguration;
			buildSettings = {
				BUNDLE_LOADER = "$(BUILT_PRODUCTS_DIR)/ITM_version_0.0.1.app/ITM_version_0.0.1";
				FRAMEWORK_SEARCH_PATHS = (
					"\"$(SDKROOT)/Developer/Library/Frameworks\"",
					"\"$(DEVELOPER_LIBRARY_DIR)/Frameworks\"",
				);
				GCC_PRECOMPILE_PREFIX_HEADER = YES;
				GCC_PREFIX_HEADER = "ITM_version_0.0.1/ITM_version_0.0.1-Prefix.pch";
				INFOPLIST_FILE = "ITM_version_0.0.1Tests/ITM_version_0.0.1Tests-Info.plist";
				PRODUCT_NAME = "$(TARGET_NAME)";
				TEST_HOST = "$(BUNDLE_LOADER)";
				WRAPPER_EXTENSION = octest;
			};
			name = Debug;
		};
		903C38F31623C7D1001845FE /* Release */ = {
			isa = XCBuildConfiguration;
			buildSettings = {
				BUNDLE_LOADER = "$(BUILT_PRODUCTS_DIR)/ITM_version_0.0.1.app/ITM_version_0.0.1";
				FRAMEWORK_SEARCH_PATHS = (
					"\"$(SDKROOT)/Developer/Library/Frameworks\"",
					"\"$(DEVELOPER_LIBRARY_DIR)/Frameworks\"",
				);
				GCC_PRECOMPILE_PREFIX_HEADER = YES;
				GCC_PREFIX_HEADER = "ITM_version_0.0.1/ITM_version_0.0.1-Prefix.pch";
				INFOPLIST_FILE = "ITM_version_0.0.1Tests/ITM_version_0.0.1Tests-Info.plist";
				PRODUCT_NAME = "$(TARGET_NAME)";
				TEST_HOST = "$(BUNDLE_LOADER)";
				WRAPPER_EXTENSION = octest;
			};
			name = Release;
		};
/* End XCBuildConfiguration section */

/* Begin XCConfigurationList section */
		903C38AF1623C7D1001845FE /* Build configuration list for PBXProject "ITM_version_0.0.1" */ = {
			isa = XCConfigurationList;
			buildConfigurations = (
				903C38EC1623C7D1001845FE /* Debug */,
				903C38ED1623C7D1001845FE /* Release */,
			);
			defaultConfigurationIsVisible = 0;
			defaultConfigurationName = Release;
		};
		903C38EE1623C7D1001845FE /* Build configuration list for PBXNativeTarget "ITM_version_0.0.1" */ = {
			isa = XCConfigurationList;
			buildConfigurations = (
				903C38EF1623C7D1001845FE /* Debug */,
				903C38F01623C7D1001845FE /* Release */,
			);
			defaultConfigurationIsVisible = 0;
			defaultConfigurationName = Release;
		};
		903C38F11623C7D1001845FE /* Build configuration list for PBXNativeTarget "ITM_version_0.0.1Tests" */ = {
			isa = XCConfigurationList;
			buildConfigurations = (
				903C38F21623C7D1001845FE /* Debug */,
				903C38F31623C7D1001845FE /* Release */,
			);
			defaultConfigurationIsVisible = 0;
			defaultConfigurationName = Release;
		};
/* End XCConfigurationList section */

/* Begin XCVersionGroup section */
		903C38D31623C7D1001845FE /* ITM_version_0_0_1.xcdatamodeld */ = {
			isa = XCVersionGroup;
			children = (
				903C38D41623C7D1001845FE /* ITM_version_0_0_1.xcdatamodel */,
			);
			currentVersion = 903C38D41623C7D1001845FE /* ITM_version_0_0_1.xcdatamodel */;
			path = ITM_version_0_0_1.xcdatamodeld;
			sourceTree = "<group>";
			versionGroupType = wrapper.xcdatamodel;
		};
/* End XCVersionGroup section */
	};
	rootObject = 903C38AC1623C7D1001845FE /* Project object */;
}
